
Microsoft Visual Studio Solution File, Format Version 12.00
# Visual Studio 14
VisualStudioVersion = 14.0.25420.1
MinimumVisualStudioVersion = 10.0.40219.1
Project("{FAE04EC0-301F-11D3-BF4B-00C04F79EFBC}") = "Eyedrivomatic", "Eyedrivomatic\Eyedrivomatic.csproj", "{AA2D68EC-A910-4260-A0A3-036755F1DEFB}"
EndProject
Project("{FAE04EC0-301F-11D3-BF4B-00C04F79EFBC}") = "Eyedrivomatic.Infrastructure", "Eyedrivomatic.Infrastructure\Eyedrivomatic.Infrastructure.csproj", "{E579FF61-CAAB-4DA3-8F05-CF21197DF5D4}"
EndProject
Project("{FAE04EC0-301F-11D3-BF4B-00C04F79EFBC}") = "Eyedrivomatic.Resources", "Eyedrivomatic.Resources\Eyedrivomatic.Resources.csproj", "{1C00CCD6-A19C-4B9E-A203-F053CE0871FF}"
EndProject
Project("{FAE04EC0-301F-11D3-BF4B-00C04F79EFBC}") = "Eyedrivomatic.Controls", "Eyedrivomatic.Controls\Eyedrivomatic.Controls.csproj", "{7B85DEF1-07A1-4EA8-A5FC-269FAD82DD38}"
EndProject
Project("{FAE04EC0-301F-11D3-BF4B-00C04F79EFBC}") = "Eyedrivomatic.ButtonDriver", "Eyedrivomatic.ButtonDriver\Eyedrivomatic.ButtonDriver.csproj", "{BA183B57-B10F-43F8-B6C7-5B362F1666AC}"
EndProject
Project("{8BC9CEB8-8B4A-11D0-8D11-00A0C91BC942}") = "Eyedrivomatic.ButtonDriver.Hardware.Arduino", "Eyedrivomatic.ButtonDriver.Hardware.Arduino\Eyedrivomatic.ButtonDriver.Hardware.Arduino.vcxproj", "{803E2A3D-1C15-4492-8ABB-AB6772A5B78B}"
EndProject
Project("{FAE04EC0-301F-11D3-BF4B-00C04F79EFBC}") = "Eyedrivomatic.ButtonDriver.Hardware", "Eyedrivomatic.ButtonDriver.Hardware\Eyedrivomatic.ButtonDriver.Hardware.csproj", "{9985222B-9BB5-4B68-9342-764C295D7FA9}"
EndProject
Project("{FAE04EC0-301F-11D3-BF4B-00C04F79EFBC}") = "Eyedrivomatic.ButtonDriver.Configuration", "Eyedrivomatic.ButtonDriver.Configuration\Eyedrivomatic.ButtonDriver.Configuration.csproj", "{C22CE76F-B9BB-441C-982E-5859E7EF531B}"
EndProject
Project("{FAE04EC0-301F-11D3-BF4B-00C04F79EFBC}") = "Eyedrivomatic.Configuration", "Eyedrivomatic.Configuration\Eyedrivomatic.Configuration.csproj", "{3F7B0B08-3953-4B33-A223-FAF5497634F1}"
EndProject
Project("{54435603-DBB4-11D2-8724-00A0C9A8B90C}") = "Eyedrivomatic.Setup", "Eyedrivomatic.Setup\Eyedrivomatic.Setup.vdproj", "{89977239-E7BB-4FFD-ACBF-EE723948952A}"
EndProject
Project("{FAE04EC0-301F-11D3-BF4B-00C04F79EFBC}") = "Eyedrivomatic.ButtonDriver.Macros", "Eyedrivomatic.ButtonDriver.Macros\Eyedrivomatic.ButtonDriver.Macros.csproj", "{09A69359-7AD0-47B0-B6F5-AB6A2A1ED1B8}"
EndProject
Project("{FAE04EC0-301F-11D3-BF4B-00C04F79EFBC}") = "Eyedrivomatic.Controls.UnitTests", "Eyedrivomatic.Controls.UnitTests\Eyedrivomatic.Controls.UnitTests.csproj", "{8EDF4429-251A-416D-BB68-93F227191BCF}"
EndProject
Project("{2150E333-8FDC-42A3-9474-1A3956D46DE8}") = "Application", "Application", "{EB5871DA-77DD-492D-A53A-F9D580CA570A}"
EndProject
Project("{2150E333-8FDC-42A3-9474-1A3956D46DE8}") = "Controls", "Controls", "{FC2583DF-47F5-40C5-8F32-3CBD38F9C177}"
EndProject
Project("{2150E333-8FDC-42A3-9474-1A3956D46DE8}") = "ButtonDriver", "ButtonDriver", "{218E3895-CB1A-45BD-BE89-E611952455A0}"
EndProject
Project("{FAE04EC0-301F-11D3-BF4B-00C04F79EFBC}") = "Eyedrivomatic.ButtonDriver.Macros.UnitTests", "Eyedrivomatic.ButtonDriver.Macros.UnitTests\Eyedrivomatic.ButtonDriver.Macros.UnitTests.csproj", "{10B01908-1866-4AC0-A143-308E1FA854FC}"
EndProject
Project("{FAE04EC0-301F-11D3-BF4B-00C04F79EFBC}") = "EyeDrivomatic.ButtonDriver.Hardware.UnitTests", "EyeDrivomatic.ButtonDriver.Hardware.UnitTests\EyeDrivomatic.ButtonDriver.Hardware.UnitTests.csproj", "{F2BEBACC-B1A4-4710-BA71-811432687B50}"
EndProject
Project("{FAE04EC0-301F-11D3-BF4B-00C04F79EFBC}") = "Eyedrivomatic.Setup.Actions", "Eyedrivomatic.Setup.Actions\Eyedrivomatic.Setup.Actions.csproj", "{94D4EBBC-1522-468F-9BFE-2708531AC073}"
EndProject
Global
	GlobalSection(SolutionConfigurationPlatforms) = preSolution
		Debug|Any CPU = Debug|Any CPU
		Debug|x64 = Debug|x64
		Debug|x86 = Debug|x86
		Release|Any CPU = Release|Any CPU
		Release|x64 = Release|x64
		Release|x86 = Release|x86
	EndGlobalSection
	GlobalSection(ProjectConfigurationPlatforms) = postSolution
		{AA2D68EC-A910-4260-A0A3-036755F1DEFB}.Debug|Any CPU.ActiveCfg = Debug|Any CPU
		{AA2D68EC-A910-4260-A0A3-036755F1DEFB}.Debug|Any CPU.Build.0 = Debug|Any CPU
		{AA2D68EC-A910-4260-A0A3-036755F1DEFB}.Debug|x64.ActiveCfg = Debug|Any CPU
		{AA2D68EC-A910-4260-A0A3-036755F1DEFB}.Debug|x64.Build.0 = Debug|Any CPU
		{AA2D68EC-A910-4260-A0A3-036755F1DEFB}.Debug|x86.ActiveCfg = Debug|Any CPU
		{AA2D68EC-A910-4260-A0A3-036755F1DEFB}.Debug|x86.Build.0 = Debug|Any CPU
		{AA2D68EC-A910-4260-A0A3-036755F1DEFB}.Release|Any CPU.ActiveCfg = Release|Any CPU
		{AA2D68EC-A910-4260-A0A3-036755F1DEFB}.Release|Any CPU.Build.0 = Release|Any CPU
		{AA2D68EC-A910-4260-A0A3-036755F1DEFB}.Release|x64.ActiveCfg = Release|Any CPU
		{AA2D68EC-A910-4260-A0A3-036755F1DEFB}.Release|x64.Build.0 = Release|Any CPU
		{AA2D68EC-A910-4260-A0A3-036755F1DEFB}.Release|x86.ActiveCfg = Release|Any CPU
		{AA2D68EC-A910-4260-A0A3-036755F1DEFB}.Release|x86.Build.0 = Release|Any CPU
		{E579FF61-CAAB-4DA3-8F05-CF21197DF5D4}.Debug|Any CPU.ActiveCfg = Debug|Any CPU
		{E579FF61-CAAB-4DA3-8F05-CF21197DF5D4}.Debug|Any CPU.Build.0 = Debug|Any CPU
		{E579FF61-CAAB-4DA3-8F05-CF21197DF5D4}.Debug|x64.ActiveCfg = Debug|Any CPU
		{E579FF61-CAAB-4DA3-8F05-CF21197DF5D4}.Debug|x64.Build.0 = Debug|Any CPU
		{E579FF61-CAAB-4DA3-8F05-CF21197DF5D4}.Debug|x86.ActiveCfg = Debug|Any CPU
		{E579FF61-CAAB-4DA3-8F05-CF21197DF5D4}.Debug|x86.Build.0 = Debug|Any CPU
		{E579FF61-CAAB-4DA3-8F05-CF21197DF5D4}.Release|Any CPU.ActiveCfg = Release|Any CPU
		{E579FF61-CAAB-4DA3-8F05-CF21197DF5D4}.Release|Any CPU.Build.0 = Release|Any CPU
		{E579FF61-CAAB-4DA3-8F05-CF21197DF5D4}.Release|x64.ActiveCfg = Release|Any CPU
		{E579FF61-CAAB-4DA3-8F05-CF21197DF5D4}.Release|x64.Build.0 = Release|Any CPU
		{E579FF61-CAAB-4DA3-8F05-CF21197DF5D4}.Release|x86.ActiveCfg = Release|Any CPU
		{E579FF61-CAAB-4DA3-8F05-CF21197DF5D4}.Release|x86.Build.0 = Release|Any CPU
		{1C00CCD6-A19C-4B9E-A203-F053CE0871FF}.Debug|Any CPU.ActiveCfg = Debug|Any CPU
		{1C00CCD6-A19C-4B9E-A203-F053CE0871FF}.Debug|Any CPU.Build.0 = Debug|Any CPU
		{1C00CCD6-A19C-4B9E-A203-F053CE0871FF}.Debug|x64.ActiveCfg = Debug|Any CPU
		{1C00CCD6-A19C-4B9E-A203-F053CE0871FF}.Debug|x64.Build.0 = Debug|Any CPU
		{1C00CCD6-A19C-4B9E-A203-F053CE0871FF}.Debug|x86.ActiveCfg = Debug|Any CPU
		{1C00CCD6-A19C-4B9E-A203-F053CE0871FF}.Debug|x86.Build.0 = Debug|Any CPU
		{1C00CCD6-A19C-4B9E-A203-F053CE0871FF}.Release|Any CPU.ActiveCfg = Release|Any CPU
		{1C00CCD6-A19C-4B9E-A203-F053CE0871FF}.Release|Any CPU.Build.0 = Release|Any CPU
		{1C00CCD6-A19C-4B9E-A203-F053CE0871FF}.Release|x64.ActiveCfg = Release|Any CPU
		{1C00CCD6-A19C-4B9E-A203-F053CE0871FF}.Release|x64.Build.0 = Release|Any CPU
		{1C00CCD6-A19C-4B9E-A203-F053CE0871FF}.Release|x86.ActiveCfg = Release|Any CPU
		{1C00CCD6-A19C-4B9E-A203-F053CE0871FF}.Release|x86.Build.0 = Release|Any CPU
		{7B85DEF1-07A1-4EA8-A5FC-269FAD82DD38}.Debug|Any CPU.ActiveCfg = Debug|Any CPU
		{7B85DEF1-07A1-4EA8-A5FC-269FAD82DD38}.Debug|Any CPU.Build.0 = Debug|Any CPU
		{7B85DEF1-07A1-4EA8-A5FC-269FAD82DD38}.Debug|x64.ActiveCfg = Debug|Any CPU
		{7B85DEF1-07A1-4EA8-A5FC-269FAD82DD38}.Debug|x64.Build.0 = Debug|Any CPU
		{7B85DEF1-07A1-4EA8-A5FC-269FAD82DD38}.Debug|x86.ActiveCfg = Debug|Any CPU
		{7B85DEF1-07A1-4EA8-A5FC-269FAD82DD38}.Debug|x86.Build.0 = Debug|Any CPU
		{7B85DEF1-07A1-4EA8-A5FC-269FAD82DD38}.Release|Any CPU.ActiveCfg = Release|Any CPU
		{7B85DEF1-07A1-4EA8-A5FC-269FAD82DD38}.Release|Any CPU.Build.0 = Release|Any CPU
		{7B85DEF1-07A1-4EA8-A5FC-269FAD82DD38}.Release|x64.ActiveCfg = Release|Any CPU
		{7B85DEF1-07A1-4EA8-A5FC-269FAD82DD38}.Release|x64.Build.0 = Release|Any CPU
		{7B85DEF1-07A1-4EA8-A5FC-269FAD82DD38}.Release|x86.ActiveCfg = Release|Any CPU
		{7B85DEF1-07A1-4EA8-A5FC-269FAD82DD38}.Release|x86.Build.0 = Release|Any CPU
		{BA183B57-B10F-43F8-B6C7-5B362F1666AC}.Debug|Any CPU.ActiveCfg = Debug|Any CPU
		{BA183B57-B10F-43F8-B6C7-5B362F1666AC}.Debug|Any CPU.Build.0 = Debug|Any CPU
		{BA183B57-B10F-43F8-B6C7-5B362F1666AC}.Debug|x64.ActiveCfg = Debug|Any CPU
		{BA183B57-B10F-43F8-B6C7-5B362F1666AC}.Debug|x64.Build.0 = Debug|Any CPU
		{BA183B57-B10F-43F8-B6C7-5B362F1666AC}.Debug|x86.ActiveCfg = Debug|Any CPU
		{BA183B57-B10F-43F8-B6C7-5B362F1666AC}.Debug|x86.Build.0 = Debug|Any CPU
		{BA183B57-B10F-43F8-B6C7-5B362F1666AC}.Release|Any CPU.ActiveCfg = Release|Any CPU
		{BA183B57-B10F-43F8-B6C7-5B362F1666AC}.Release|Any CPU.Build.0 = Release|Any CPU
		{BA183B57-B10F-43F8-B6C7-5B362F1666AC}.Release|x64.ActiveCfg = Release|Any CPU
		{BA183B57-B10F-43F8-B6C7-5B362F1666AC}.Release|x64.Build.0 = Release|Any CPU
		{BA183B57-B10F-43F8-B6C7-5B362F1666AC}.Release|x86.ActiveCfg = Release|Any CPU
		{BA183B57-B10F-43F8-B6C7-5B362F1666AC}.Release|x86.Build.0 = Release|Any CPU
		{803E2A3D-1C15-4492-8ABB-AB6772A5B78B}.Debug|Any CPU.ActiveCfg = Debug|Win32
		{803E2A3D-1C15-4492-8ABB-AB6772A5B78B}.Debug|x64.ActiveCfg = Debug|x64
		{803E2A3D-1C15-4492-8ABB-AB6772A5B78B}.Debug|x64.Build.0 = Debug|x64
		{803E2A3D-1C15-4492-8ABB-AB6772A5B78B}.Debug|x86.ActiveCfg = Debug|Win32
		{803E2A3D-1C15-4492-8ABB-AB6772A5B78B}.Debug|x86.Build.0 = Debug|Win32
		{803E2A3D-1C15-4492-8ABB-AB6772A5B78B}.Release|Any CPU.ActiveCfg = Release|Win32
		{803E2A3D-1C15-4492-8ABB-AB6772A5B78B}.Release|x64.ActiveCfg = Release|x64
		{803E2A3D-1C15-4492-8ABB-AB6772A5B78B}.Release|x64.Build.0 = Release|x64
		{803E2A3D-1C15-4492-8ABB-AB6772A5B78B}.Release|x86.ActiveCfg = Release|Win32
		{803E2A3D-1C15-4492-8ABB-AB6772A5B78B}.Release|x86.Build.0 = Release|Win32
		{9985222B-9BB5-4B68-9342-764C295D7FA9}.Debug|Any CPU.ActiveCfg = Debug|Any CPU
		{9985222B-9BB5-4B68-9342-764C295D7FA9}.Debug|Any CPU.Build.0 = Debug|Any CPU
		{9985222B-9BB5-4B68-9342-764C295D7FA9}.Debug|x64.ActiveCfg = Debug|Any CPU
		{9985222B-9BB5-4B68-9342-764C295D7FA9}.Debug|x64.Build.0 = Debug|Any CPU
		{9985222B-9BB5-4B68-9342-764C295D7FA9}.Debug|x86.ActiveCfg = Debug|Any CPU
		{9985222B-9BB5-4B68-9342-764C295D7FA9}.Debug|x86.Build.0 = Debug|Any CPU
		{9985222B-9BB5-4B68-9342-764C295D7FA9}.Release|Any CPU.ActiveCfg = Release|Any CPU
		{9985222B-9BB5-4B68-9342-764C295D7FA9}.Release|Any CPU.Build.0 = Release|Any CPU
		{9985222B-9BB5-4B68-9342-764C295D7FA9}.Release|x64.ActiveCfg = Release|Any CPU
		{9985222B-9BB5-4B68-9342-764C295D7FA9}.Release|x64.Build.0 = Release|Any CPU
		{9985222B-9BB5-4B68-9342-764C295D7FA9}.Release|x86.ActiveCfg = Release|Any CPU
		{9985222B-9BB5-4B68-9342-764C295D7FA9}.Release|x86.Build.0 = Release|Any CPU
		{C22CE76F-B9BB-441C-982E-5859E7EF531B}.Debug|Any CPU.ActiveCfg = Debug|Any CPU
		{C22CE76F-B9BB-441C-982E-5859E7EF531B}.Debug|Any CPU.Build.0 = Debug|Any CPU
		{C22CE76F-B9BB-441C-982E-5859E7EF531B}.Debug|x64.ActiveCfg = Debug|Any CPU
		{C22CE76F-B9BB-441C-982E-5859E7EF531B}.Debug|x64.Build.0 = Debug|Any CPU
		{C22CE76F-B9BB-441C-982E-5859E7EF531B}.Debug|x86.ActiveCfg = Debug|Any CPU
		{C22CE76F-B9BB-441C-982E-5859E7EF531B}.Debug|x86.Build.0 = Debug|Any CPU
		{C22CE76F-B9BB-441C-982E-5859E7EF531B}.Release|Any CPU.ActiveCfg = Release|Any CPU
		{C22CE76F-B9BB-441C-982E-5859E7EF531B}.Release|Any CPU.Build.0 = Release|Any CPU
		{C22CE76F-B9BB-441C-982E-5859E7EF531B}.Release|x64.ActiveCfg = Release|Any CPU
		{C22CE76F-B9BB-441C-982E-5859E7EF531B}.Release|x64.Build.0 = Release|Any CPU
		{C22CE76F-B9BB-441C-982E-5859E7EF531B}.Release|x86.ActiveCfg = Release|Any CPU
		{C22CE76F-B9BB-441C-982E-5859E7EF531B}.Release|x86.Build.0 = Release|Any CPU
		{3F7B0B08-3953-4B33-A223-FAF5497634F1}.Debug|Any CPU.ActiveCfg = Debug|Any CPU
		{3F7B0B08-3953-4B33-A223-FAF5497634F1}.Debug|Any CPU.Build.0 = Debug|Any CPU
		{3F7B0B08-3953-4B33-A223-FAF5497634F1}.Debug|x64.ActiveCfg = Debug|Any CPU
		{3F7B0B08-3953-4B33-A223-FAF5497634F1}.Debug|x64.Build.0 = Debug|Any CPU
		{3F7B0B08-3953-4B33-A223-FAF5497634F1}.Debug|x86.ActiveCfg = Debug|Any CPU
		{3F7B0B08-3953-4B33-A223-FAF5497634F1}.Debug|x86.Build.0 = Debug|Any CPU
		{3F7B0B08-3953-4B33-A223-FAF5497634F1}.Release|Any CPU.ActiveCfg = Release|Any CPU
		{3F7B0B08-3953-4B33-A223-FAF5497634F1}.Release|Any CPU.Build.0 = Release|Any CPU
		{3F7B0B08-3953-4B33-A223-FAF5497634F1}.Release|x64.ActiveCfg = Release|Any CPU
		{3F7B0B08-3953-4B33-A223-FAF5497634F1}.Release|x64.Build.0 = Release|Any CPU
		{3F7B0B08-3953-4B33-A223-FAF5497634F1}.Release|x86.ActiveCfg = Release|Any CPU
		{3F7B0B08-3953-4B33-A223-FAF5497634F1}.Release|x86.Build.0 = Release|Any CPU
		{89977239-E7BB-4FFD-ACBF-EE723948952A}.Debug|Any CPU.ActiveCfg = Debug
		{89977239-E7BB-4FFD-ACBF-EE723948952A}.Debug|x64.ActiveCfg = Debug
		{89977239-E7BB-4FFD-ACBF-EE723948952A}.Debug|x86.ActiveCfg = Debug
		{89977239-E7BB-4FFD-ACBF-EE723948952A}.Release|Any CPU.ActiveCfg = Release
		{89977239-E7BB-4FFD-ACBF-EE723948952A}.Release|Any CPU.Build.0 = Release
		{89977239-E7BB-4FFD-ACBF-EE723948952A}.Release|x64.ActiveCfg = Release
		{89977239-E7BB-4FFD-ACBF-EE723948952A}.Release|x86.ActiveCfg = Release
		{09A69359-7AD0-47B0-B6F5-AB6A2A1ED1B8}.Debug|Any CPU.ActiveCfg = Debug|Any CPU
		{09A69359-7AD0-47B0-B6F5-AB6A2A1ED1B8}.Debug|Any CPU.Build.0 = Debug|Any CPU
		{09A69359-7AD0-47B0-B6F5-AB6A2A1ED1B8}.Debug|x64.ActiveCfg = Debug|Any CPU
		{09A69359-7AD0-47B0-B6F5-AB6A2A1ED1B8}.Debug|x64.Build.0 = Debug|Any CPU
		{09A69359-7AD0-47B0-B6F5-AB6A2A1ED1B8}.Debug|x86.ActiveCfg = Debug|Any CPU
		{09A69359-7AD0-47B0-B6F5-AB6A2A1ED1B8}.Debug|x86.Build.0 = Debug|Any CPU
		{09A69359-7AD0-47B0-B6F5-AB6A2A1ED1B8}.Release|Any CPU.ActiveCfg = Release|Any CPU
		{09A69359-7AD0-47B0-B6F5-AB6A2A1ED1B8}.Release|Any CPU.Build.0 = Release|Any CPU
		{09A69359-7AD0-47B0-B6F5-AB6A2A1ED1B8}.Release|x64.ActiveCfg = Release|Any CPU
		{09A69359-7AD0-47B0-B6F5-AB6A2A1ED1B8}.Release|x64.Build.0 = Release|Any CPU
		{09A69359-7AD0-47B0-B6F5-AB6A2A1ED1B8}.Release|x86.ActiveCfg = Release|Any CPU
		{09A69359-7AD0-47B0-B6F5-AB6A2A1ED1B8}.Release|x86.Build.0 = Release|Any CPU
		{8EDF4429-251A-416D-BB68-93F227191BCF}.Debug|Any CPU.ActiveCfg = Debug|Any CPU
		{8EDF4429-251A-416D-BB68-93F227191BCF}.Debug|Any CPU.Build.0 = Debug|Any CPU
		{8EDF4429-251A-416D-BB68-93F227191BCF}.Debug|x64.ActiveCfg = Debug|Any CPU
		{8EDF4429-251A-416D-BB68-93F227191BCF}.Debug|x64.Build.0 = Debug|Any CPU
		{8EDF4429-251A-416D-BB68-93F227191BCF}.Debug|x86.ActiveCfg = Debug|Any CPU
		{8EDF4429-251A-416D-BB68-93F227191BCF}.Debug|x86.Build.0 = Debug|Any CPU
		{8EDF4429-251A-416D-BB68-93F227191BCF}.Release|Any CPU.ActiveCfg = Release|Any CPU
		{8EDF4429-251A-416D-BB68-93F227191BCF}.Release|Any CPU.Build.0 = Release|Any CPU
		{8EDF4429-251A-416D-BB68-93F227191BCF}.Release|x64.ActiveCfg = Release|Any CPU
		{8EDF4429-251A-416D-BB68-93F227191BCF}.Release|x64.Build.0 = Release|Any CPU
		{8EDF4429-251A-416D-BB68-93F227191BCF}.Release|x86.ActiveCfg = Release|Any CPU
		{8EDF4429-251A-416D-BB68-93F227191BCF}.Release|x86.Build.0 = Release|Any CPU
		{10B01908-1866-4AC0-A143-308E1FA854FC}.Debug|Any CPU.ActiveCfg = Debug|Any CPU
		{10B01908-1866-4AC0-A143-308E1FA854FC}.Debug|Any CPU.Build.0 = Debug|Any CPU
		{10B01908-1866-4AC0-A143-308E1FA854FC}.Debug|x64.ActiveCfg = Debug|Any CPU
		{10B01908-1866-4AC0-A143-308E1FA854FC}.Debug|x64.Build.0 = Debug|Any CPU
		{10B01908-1866-4AC0-A143-308E1FA854FC}.Debug|x86.ActiveCfg = Debug|Any CPU
		{10B01908-1866-4AC0-A143-308E1FA854FC}.Debug|x86.Build.0 = Debug|Any CPU
		{10B01908-1866-4AC0-A143-308E1FA854FC}.Release|Any CPU.ActiveCfg = Release|Any CPU
		{10B01908-1866-4AC0-A143-308E1FA854FC}.Release|Any CPU.Build.0 = Release|Any CPU
		{10B01908-1866-4AC0-A143-308E1FA854FC}.Release|x64.ActiveCfg = Release|Any CPU
		{10B01908-1866-4AC0-A143-308E1FA854FC}.Release|x64.Build.0 = Release|Any CPU
		{10B01908-1866-4AC0-A143-308E1FA854FC}.Release|x86.ActiveCfg = Release|Any CPU
		{10B01908-1866-4AC0-A143-308E1FA854FC}.Release|x86.Build.0 = Release|Any CPU
		{F2BEBACC-B1A4-4710-BA71-811432687B50}.Debug|Any CPU.ActiveCfg = Debug|Any CPU
		{F2BEBACC-B1A4-4710-BA71-811432687B50}.Debug|Any CPU.Build.0 = Debug|Any CPU
		{F2BEBACC-B1A4-4710-BA71-811432687B50}.Debug|x64.ActiveCfg = Debug|Any CPU
		{F2BEBACC-B1A4-4710-BA71-811432687B50}.Debug|x64.Build.0 = Debug|Any CPU
		{F2BEBACC-B1A4-4710-BA71-811432687B50}.Debug|x86.ActiveCfg = Debug|Any CPU
		{F2BEBACC-B1A4-4710-BA71-811432687B50}.Debug|x86.Build.0 = Debug|Any CPU
		{F2BEBACC-B1A4-4710-BA71-811432687B50}.Release|Any CPU.ActiveCfg = Release|Any CPU
		{F2BEBACC-B1A4-4710-BA71-811432687B50}.Release|Any CPU.Build.0 = Release|Any CPU
		{F2BEBACC-B1A4-4710-BA71-811432687B50}.Release|x64.ActiveCfg = Release|Any CPU
		{F2BEBACC-B1A4-4710-BA71-811432687B50}.Release|x64.Build.0 = Release|Any CPU
		{F2BEBACC-B1A4-4710-BA71-811432687B50}.Release|x86.ActiveCfg = Release|Any CPU
		{F2BEBACC-B1A4-4710-BA71-811432687B50}.Release|x86.Build.0 = Release|Any CPU
		{94D4EBBC-1522-468F-9BFE-2708531AC073}.Debug|Any CPU.ActiveCfg = Debug|Any CPU
		{94D4EBBC-1522-468F-9BFE-2708531AC073}.Debug|Any CPU.Build.0 = Debug|Any CPU
		{94D4EBBC-1522-468F-9BFE-2708531AC073}.Debug|x64.ActiveCfg = Debug|Any CPU
		{94D4EBBC-1522-468F-9BFE-2708531AC073}.Debug|x64.Build.0 = Debug|Any CPU
		{94D4EBBC-1522-468F-9BFE-2708531AC073}.Debug|x86.ActiveCfg = Debug|Any CPU
		{94D4EBBC-1522-468F-9BFE-2708531AC073}.Debug|x86.Build.0 = Debug|Any CPU
		{94D4EBBC-1522-468F-9BFE-2708531AC073}.Release|Any CPU.ActiveCfg = Release|Any CPU
		{94D4EBBC-1522-468F-9BFE-2708531AC073}.Release|Any CPU.Build.0 = Release|Any CPU
		{94D4EBBC-1522-468F-9BFE-2708531AC073}.Release|x64.ActiveCfg = Release|Any CPU
		{94D4EBBC-1522-468F-9BFE-2708531AC073}.Release|x64.Build.0 = Release|Any CPU
		{94D4EBBC-1522-468F-9BFE-2708531AC073}.Release|x86.ActiveCfg = Release|Any CPU
		{94D4EBBC-1522-468F-9BFE-2708531AC073}.Release|x86.Build.0 = Release|Any CPU
	EndGlobalSection
	GlobalSection(SolutionProperties) = preSolution
		HideSolutionNode = FALSE
	EndGlobalSection
	GlobalSection(NestedProjects) = preSolution
		{AA2D68EC-A910-4260-A0A3-036755F1DEFB} = {EB5871DA-77DD-492D-A53A-F9D580CA570A}
		{E579FF61-CAAB-4DA3-8F05-CF21197DF5D4} = {EB5871DA-77DD-492D-A53A-F9D580CA570A}
		{1C00CCD6-A19C-4B9E-A203-F053CE0871FF} = {EB5871DA-77DD-492D-A53A-F9D580CA570A}
		{7B85DEF1-07A1-4EA8-A5FC-269FAD82DD38} = {FC2583DF-47F5-40C5-8F32-3CBD38F9C177}
		{BA183B57-B10F-43F8-B6C7-5B362F1666AC} = {218E3895-CB1A-45BD-BE89-E611952455A0}
		{803E2A3D-1C15-4492-8ABB-AB6772A5B78B} = {218E3895-CB1A-45BD-BE89-E611952455A0}
		{9985222B-9BB5-4B68-9342-764C295D7FA9} = {218E3895-CB1A-45BD-BE89-E611952455A0}
		{C22CE76F-B9BB-441C-982E-5859E7EF531B} = {218E3895-CB1A-45BD-BE89-E611952455A0}
		{3F7B0B08-3953-4B33-A223-FAF5497634F1} = {EB5871DA-77DD-492D-A53A-F9D580CA570A}
		{09A69359-7AD0-47B0-B6F5-AB6A2A1ED1B8} = {218E3895-CB1A-45BD-BE89-E611952455A0}
		{8EDF4429-251A-416D-BB68-93F227191BCF} = {FC2583DF-47F5-40C5-8F32-3CBD38F9C177}
		{10B01908-1866-4AC0-A143-308E1FA854FC} = {218E3895-CB1A-45BD-BE89-E611952455A0}
		{F2BEBACC-B1A4-4710-BA71-811432687B50} = {218E3895-CB1A-45BD-BE89-E611952455A0}
	EndGlobalSection
EndGlobal
