
Microsoft Visual Studio Solution File, Format Version 12.00
# Visual Studio 15
VisualStudioVersion = 15.0.27130.2036
MinimumVisualStudioVersion = 10.0.40219.1
Project("{FAE04EC0-301F-11D3-BF4B-00C04F79EFBC}") = "Eyedrivomatic", "Eyedrivomatic\Eyedrivomatic.csproj", "{AA2D68EC-A910-4260-A0A3-036755F1DEFB}"
EndProject
Project("{FAE04EC0-301F-11D3-BF4B-00C04F79EFBC}") = "Eyedrivomatic.Infrastructure", "Eyedrivomatic.Infrastructure\Eyedrivomatic.Infrastructure.csproj", "{E579FF61-CAAB-4DA3-8F05-CF21197DF5D4}"
EndProject
Project("{FAE04EC0-301F-11D3-BF4B-00C04F79EFBC}") = "Eyedrivomatic.Resources", "Eyedrivomatic.Resources\Eyedrivomatic.Resources.csproj", "{1C00CCD6-A19C-4B9E-A203-F053CE0871FF}"
EndProject
Project("{FAE04EC0-301F-11D3-BF4B-00C04F79EFBC}") = "Eyedrivomatic.Controls", "Eyedrivomatic.Controls\Eyedrivomatic.Controls.csproj", "{7B85DEF1-07A1-4EA8-A5FC-269FAD82DD38}"
EndProject
Project("{FAE04EC0-301F-11D3-BF4B-00C04F79EFBC}") = "Eyedrivomatic.ButtonDriver.Hardware", "Eyedrivomatic.ButtonDriver.Hardware\Eyedrivomatic.ButtonDriver.Hardware.csproj", "{9985222B-9BB5-4B68-9342-764C295D7FA9}"
EndProject
Project("{FAE04EC0-301F-11D3-BF4B-00C04F79EFBC}") = "Eyedrivomatic.ButtonDriver.Configuration", "Eyedrivomatic.ButtonDriver.Configuration\Eyedrivomatic.ButtonDriver.Configuration.csproj", "{C22CE76F-B9BB-441C-982E-5859E7EF531B}"
EndProject
Project("{FAE04EC0-301F-11D3-BF4B-00C04F79EFBC}") = "Eyedrivomatic.Configuration", "Eyedrivomatic.Configuration\Eyedrivomatic.Configuration.csproj", "{3F7B0B08-3953-4B33-A223-FAF5497634F1}"
EndProject
Project("{FAE04EC0-301F-11D3-BF4B-00C04F79EFBC}") = "Eyedrivomatic.ButtonDriver.Macros", "Eyedrivomatic.ButtonDriver.Macros\Eyedrivomatic.ButtonDriver.Macros.csproj", "{09A69359-7AD0-47B0-B6F5-AB6A2A1ED1B8}"
EndProject
Project("{FAE04EC0-301F-11D3-BF4B-00C04F79EFBC}") = "Eyedrivomatic.Controls.UnitTests", "Eyedrivomatic.Controls.UnitTests\Eyedrivomatic.Controls.UnitTests.csproj", "{8EDF4429-251A-416D-BB68-93F227191BCF}"
EndProject
Project("{2150E333-8FDC-42A3-9474-1A3956D46DE8}") = "Application", "Application", "{EB5871DA-77DD-492D-A53A-F9D580CA570A}"
EndProject
Project("{2150E333-8FDC-42A3-9474-1A3956D46DE8}") = "Controls", "Controls", "{FC2583DF-47F5-40C5-8F32-3CBD38F9C177}"
EndProject
Project("{2150E333-8FDC-42A3-9474-1A3956D46DE8}") = "ButtonDriver", "ButtonDriver", "{218E3895-CB1A-45BD-BE89-E611952455A0}"
EndProject
Project("{FAE04EC0-301F-11D3-BF4B-00C04F79EFBC}") = "Eyedrivomatic.ButtonDriver.Macros.UnitTests", "Eyedrivomatic.ButtonDriver.Macros.UnitTests\Eyedrivomatic.ButtonDriver.Macros.UnitTests.csproj", "{10B01908-1866-4AC0-A143-308E1FA854FC}"
EndProject
Project("{2150E333-8FDC-42A3-9474-1A3956D46DE8}") = "Firmware", "Firmware", "{008A064E-709E-4973-B1B3-BF3BBB12B6F8}"
EndProject
Project("{8BC9CEB8-8B4A-11D0-8D11-00A0C91BC942}") = "Eyedrivomatic.Firmware", "Eyedrivomatic.Firmware\Eyedrivomatic.Firmware.vcxproj", "{C5F80730-F44F-4478-BDAE-6634EFC2CA88}"
EndProject
Project("{FAE04EC0-301F-11D3-BF4B-00C04F79EFBC}") = "Eyedrivomatic.FirmwareTests", "Eyedrivomatic.FirmwareTests\Eyedrivomatic.FirmwareTests.csproj", "{089E96B5-5072-4E98-A0F9-D6785E820866}"
EndProject
Project("{FAE04EC0-301F-11D3-BF4B-00C04F79EFBC}") = "EyeDrivomatic.ButtonDriver.Hardware.UnitTests", "EyeDrivomatic.ButtonDriver.Hardware.UnitTests\EyeDrivomatic.ButtonDriver.Hardware.UnitTests.csproj", "{F2BEBACC-B1A4-4710-BA71-811432687B50}"
EndProject
Project("{FAE04EC0-301F-11D3-BF4B-00C04F79EFBC}") = "Eyedrivomatic.ButtonDriver", "Eyedrivomatic.ButtonDriver\Eyedrivomatic.ButtonDriver.csproj", "{BA183B57-B10F-43F8-B6C7-5B362F1666AC}"
EndProject
Project("{FAE04EC0-301F-11D3-BF4B-00C04F79EFBC}") = "Eyedrivomatic.Camera", "Eyedrivomatic.Camera\Eyedrivomatic.Camera.csproj", "{E0C9704E-0907-4AFC-98C8-33BA52998EA7}"
EndProject
Project("{2150E333-8FDC-42A3-9474-1A3956D46DE8}") = "Eyegaze", "Eyegaze", "{922F7FF6-CC4D-4D61-AFDA-0CF787425707}"
EndProject
Project("{FAE04EC0-301F-11D3-BF4B-00C04F79EFBC}") = "Eyedrivomatic.Eyegaze.Interfaces.Mouse", "Eyedrivomatic.Eyegaze.Interfaces.Mouse\Eyedrivomatic.Eyegaze.Interfaces.Mouse.csproj", "{71F95403-3CB8-4956-B0E6-7993A735FFE1}"
EndProject
Project("{FAE04EC0-301F-11D3-BF4B-00C04F79EFBC}") = "Eyedrivomatic.Eyegaze", "Eyedrivomatic.Eyegaze\Eyedrivomatic.Eyegaze.csproj", "{99689BC3-301B-4FC7-9D5F-2AD2BEEB0FD6}"
EndProject
Project("{FAE04EC0-301F-11D3-BF4B-00C04F79EFBC}") = "Eyedrivomatic.Eyegaze.UnitTests", "Eyedrivomatic.Eyegaze.UnitTests\Eyedrivomatic.Eyegaze.UnitTests.csproj", "{32312AFA-2E15-40E1-ADE2-E4D5D43BF45A}"
EndProject
Project("{FAE04EC0-301F-11D3-BF4B-00C04F79EFBC}") = "Eyedrivomatic.Eyegaze.Interfaces.Tobii", "Eyedrivomatic.Eyegaze.Interfaces.Tobii\Eyedrivomatic.Eyegaze.Interfaces.Tobii.csproj", "{571DB13E-7F1F-467C-9B31-FE6C8781DA9C}"
EndProject
Project("{FAE04EC0-301F-11D3-BF4B-00C04F79EFBC}") = "Eyedrivomatic.Eyegaze.Interfaces.Mouse.UnitTests", "Eyedrivomatic.Eyegaze.Interfaces.Mouse.UnitTests\Eyedrivomatic.Eyegaze.Interfaces.Mouse.UnitTests.csproj", "{539878DA-37E9-48F4-B48F-1BFA8F2E7B0C}"
EndProject
Project("{FAE04EC0-301F-11D3-BF4B-00C04F79EFBC}") = "Eyedrivomatic.Eyegaze.Interfaces.Tobii.UnitTests", "Eyedrivomatic.Eyegaze.Interfaces.Tobii.UnitTests\Eyedrivomatic.Eyegaze.Interfaces.Tobii.UnitTests.csproj", "{2F53CAED-AB0C-4229-8533-E938E05E10DB}"
EndProject
Project("{2150E333-8FDC-42A3-9474-1A3956D46DE8}") = "Interfaces", "Interfaces", "{595A38E2-A036-4406-9BE5-9BB20DDF341B}"
EndProject
Project("{FAE04EC0-301F-11D3-BF4B-00C04F79EFBC}") = "Eyedrivomatic.Eyegaze.Configuration", "Eyedrivomatic.Eyegaze.Configuration\Eyedrivomatic.Eyegaze.Configuration.csproj", "{C9CA6046-C7EE-4194-821B-9570A6299734}"
EndProject
Project("{930C7802-8A8C-48F9-8165-68863BCCD9DD}") = "Eyedrivomatic.Setup.Bootstrapper", "Eyedrivomatic.Setup.Bootstrapper\Eyedrivomatic.Setup.Bootstrapper.wixproj", "{5FDF6D44-72E8-4214-9FF5-BB32418CAD38}"
EndProject
Project("{930C7802-8A8C-48F9-8165-68863BCCD9DD}") = "Eyedrivomatic.Setup", "Eyedrivomatic.Setup\Eyedrivomatic.Setup.wixproj", "{E4D70A56-7EC2-4B4D-B346-79BE319B69C6}"
EndProject
Project("{2150E333-8FDC-42A3-9474-1A3956D46DE8}") = "Setup", "Setup", "{8C5AD309-7DDC-49DB-91BA-66D8614D5D47}"
EndProject
Project("{FAE04EC0-301F-11D3-BF4B-00C04F79EFBC}") = "Eyedrivomatic.Hardware", "Eyedrivomatic.Hardware\Eyedrivomatic.Hardware.csproj", "{CAAD25FE-1FB3-4B50-9D6F-DD1681E1BEA1}"
EndProject
Project("{FAE04EC0-301F-11D3-BF4B-00C04F79EFBC}") = "Eyedrivomatic.Hardware.UnitTests", "Eyedrivomatic.Hardware.UnitTests\Eyedrivomatic.Hardware.UnitTests.csproj", "{EB170822-418B-47F9-8B8A-B456516295C1}"
EndProject
Project("{FAE04EC0-301F-11D3-BF4B-00C04F79EFBC}") = "Eyedrivomatic.Logging", "Eyedrivomatic.Logging\Eyedrivomatic.Logging.csproj", "{785AB166-FD30-487D-A963-9AD39D9979A5}"
EndProject
Project("{FAE04EC0-301F-11D3-BF4B-00C04F79EFBC}") = "Eyedrivomatic.Common", "Eyedrivomatic.Common\Eyedrivomatic.Common.csproj", "{FABE3103-3B06-420F-84C7-62B148F60AE9}"
EndProject
Project("{FAE04EC0-301F-11D3-BF4B-00C04F79EFBC}") = "Eyedrivomatic.Eyegaze.Interfaces.Tobii.Dynavox", "Eyedrivomatic.Eyegaze.Interfaces.Tobii.Dynavox\Eyedrivomatic.Eyegaze.Interfaces.Tobii.Dynavox.csproj", "{9B022299-19FD-4708-BA20-5C38ED9E630C}"
EndProject
Project("{FAE04EC0-301F-11D3-BF4B-00C04F79EFBC}") = "Eyedrivomatic.Eyegaze.Interfaces.Tobii.Dynavox.UnitTests", "Eyedrivomatic.Eyegaze.Interfaces.Tobii.Dynavox.UnitTests\Eyedrivomatic.Eyegaze.Interfaces.Tobii.Dynavox.UnitTests.csproj", "{3AC97279-03D7-4F9A-9C9D-A6A16F7930D7}"
EndProject
Project("{2150E333-8FDC-42A3-9474-1A3956D46DE8}") = "Tobii", "Tobii", "{A7ACBAA9-B450-4F1B-83BD-DA10D868AB6C}"
EndProject
Project("{2150E333-8FDC-42A3-9474-1A3956D46DE8}") = "Mouse", "Mouse", "{BA4E36C6-2742-47E0-B464-4B9D7C747F57}"
EndProject
Project("{2150E333-8FDC-42A3-9474-1A3956D46DE8}") = "Tobii.Dynavox", "Tobii.Dynavox", "{23775EC2-27B7-49DB-89B5-43C9677FA603}"
EndProject
Global
	GlobalSection(SolutionConfigurationPlatforms) = preSolution
		Debug|Any CPU = Debug|Any CPU
		Debug|x64 = Debug|x64
		Debug|x86 = Debug|x86
		MobilityConceptBuild|Any CPU = MobilityConceptBuild|Any CPU
		MobilityConceptBuild|x64 = MobilityConceptBuild|x64
		MobilityConceptBuild|x86 = MobilityConceptBuild|x86
		Release|Any CPU = Release|Any CPU
		Release|x64 = Release|x64
		Release|x86 = Release|x86
	EndGlobalSection
	GlobalSection(ProjectConfigurationPlatforms) = postSolution
		{AA2D68EC-A910-4260-A0A3-036755F1DEFB}.Debug|Any CPU.ActiveCfg = Debug|Any CPU
		{AA2D68EC-A910-4260-A0A3-036755F1DEFB}.Debug|Any CPU.Build.0 = Debug|Any CPU
		{AA2D68EC-A910-4260-A0A3-036755F1DEFB}.Debug|x64.ActiveCfg = Debug|Any CPU
		{AA2D68EC-A910-4260-A0A3-036755F1DEFB}.Debug|x64.Build.0 = Debug|Any CPU
		{AA2D68EC-A910-4260-A0A3-036755F1DEFB}.Debug|x86.ActiveCfg = Debug|Any CPU
		{AA2D68EC-A910-4260-A0A3-036755F1DEFB}.Debug|x86.Build.0 = Debug|Any CPU
		{AA2D68EC-A910-4260-A0A3-036755F1DEFB}.MobilityConceptBuild|Any CPU.ActiveCfg = Release|Any CPU
		{AA2D68EC-A910-4260-A0A3-036755F1DEFB}.MobilityConceptBuild|Any CPU.Build.0 = Release|Any CPU
		{AA2D68EC-A910-4260-A0A3-036755F1DEFB}.MobilityConceptBuild|x64.ActiveCfg = Release|Any CPU
		{AA2D68EC-A910-4260-A0A3-036755F1DEFB}.MobilityConceptBuild|x64.Build.0 = Release|Any CPU
		{AA2D68EC-A910-4260-A0A3-036755F1DEFB}.MobilityConceptBuild|x86.ActiveCfg = Release|Any CPU
		{AA2D68EC-A910-4260-A0A3-036755F1DEFB}.MobilityConceptBuild|x86.Build.0 = Release|Any CPU
		{AA2D68EC-A910-4260-A0A3-036755F1DEFB}.Release|Any CPU.ActiveCfg = Release|Any CPU
		{AA2D68EC-A910-4260-A0A3-036755F1DEFB}.Release|Any CPU.Build.0 = Release|Any CPU
		{AA2D68EC-A910-4260-A0A3-036755F1DEFB}.Release|x64.ActiveCfg = Release|Any CPU
		{AA2D68EC-A910-4260-A0A3-036755F1DEFB}.Release|x64.Build.0 = Release|Any CPU
		{AA2D68EC-A910-4260-A0A3-036755F1DEFB}.Release|x86.ActiveCfg = Release|Any CPU
		{AA2D68EC-A910-4260-A0A3-036755F1DEFB}.Release|x86.Build.0 = Release|Any CPU
		{E579FF61-CAAB-4DA3-8F05-CF21197DF5D4}.Debug|Any CPU.ActiveCfg = Debug|Any CPU
		{E579FF61-CAAB-4DA3-8F05-CF21197DF5D4}.Debug|Any CPU.Build.0 = Debug|Any CPU
		{E579FF61-CAAB-4DA3-8F05-CF21197DF5D4}.Debug|x64.ActiveCfg = Debug|Any CPU
		{E579FF61-CAAB-4DA3-8F05-CF21197DF5D4}.Debug|x64.Build.0 = Debug|Any CPU
		{E579FF61-CAAB-4DA3-8F05-CF21197DF5D4}.Debug|x86.ActiveCfg = Debug|Any CPU
		{E579FF61-CAAB-4DA3-8F05-CF21197DF5D4}.Debug|x86.Build.0 = Debug|Any CPU
		{E579FF61-CAAB-4DA3-8F05-CF21197DF5D4}.MobilityConceptBuild|Any CPU.ActiveCfg = Release|Any CPU
		{E579FF61-CAAB-4DA3-8F05-CF21197DF5D4}.MobilityConceptBuild|Any CPU.Build.0 = Release|Any CPU
		{E579FF61-CAAB-4DA3-8F05-CF21197DF5D4}.MobilityConceptBuild|x64.ActiveCfg = Release|Any CPU
		{E579FF61-CAAB-4DA3-8F05-CF21197DF5D4}.MobilityConceptBuild|x64.Build.0 = Release|Any CPU
		{E579FF61-CAAB-4DA3-8F05-CF21197DF5D4}.MobilityConceptBuild|x86.ActiveCfg = Release|Any CPU
		{E579FF61-CAAB-4DA3-8F05-CF21197DF5D4}.MobilityConceptBuild|x86.Build.0 = Release|Any CPU
		{E579FF61-CAAB-4DA3-8F05-CF21197DF5D4}.Release|Any CPU.ActiveCfg = Release|Any CPU
		{E579FF61-CAAB-4DA3-8F05-CF21197DF5D4}.Release|Any CPU.Build.0 = Release|Any CPU
		{E579FF61-CAAB-4DA3-8F05-CF21197DF5D4}.Release|x64.ActiveCfg = Release|Any CPU
		{E579FF61-CAAB-4DA3-8F05-CF21197DF5D4}.Release|x64.Build.0 = Release|Any CPU
		{E579FF61-CAAB-4DA3-8F05-CF21197DF5D4}.Release|x86.ActiveCfg = Release|Any CPU
		{E579FF61-CAAB-4DA3-8F05-CF21197DF5D4}.Release|x86.Build.0 = Release|Any CPU
		{1C00CCD6-A19C-4B9E-A203-F053CE0871FF}.Debug|Any CPU.ActiveCfg = Debug|Any CPU
		{1C00CCD6-A19C-4B9E-A203-F053CE0871FF}.Debug|Any CPU.Build.0 = Debug|Any CPU
		{1C00CCD6-A19C-4B9E-A203-F053CE0871FF}.Debug|x64.ActiveCfg = Debug|Any CPU
		{1C00CCD6-A19C-4B9E-A203-F053CE0871FF}.Debug|x64.Build.0 = Debug|Any CPU
		{1C00CCD6-A19C-4B9E-A203-F053CE0871FF}.Debug|x86.ActiveCfg = Debug|Any CPU
		{1C00CCD6-A19C-4B9E-A203-F053CE0871FF}.Debug|x86.Build.0 = Debug|Any CPU
		{1C00CCD6-A19C-4B9E-A203-F053CE0871FF}.MobilityConceptBuild|Any CPU.ActiveCfg = Release|Any CPU
		{1C00CCD6-A19C-4B9E-A203-F053CE0871FF}.MobilityConceptBuild|Any CPU.Build.0 = Release|Any CPU
		{1C00CCD6-A19C-4B9E-A203-F053CE0871FF}.MobilityConceptBuild|x64.ActiveCfg = Release|Any CPU
		{1C00CCD6-A19C-4B9E-A203-F053CE0871FF}.MobilityConceptBuild|x64.Build.0 = Release|Any CPU
		{1C00CCD6-A19C-4B9E-A203-F053CE0871FF}.MobilityConceptBuild|x86.ActiveCfg = Release|Any CPU
		{1C00CCD6-A19C-4B9E-A203-F053CE0871FF}.MobilityConceptBuild|x86.Build.0 = Release|Any CPU
		{1C00CCD6-A19C-4B9E-A203-F053CE0871FF}.Release|Any CPU.ActiveCfg = Release|Any CPU
		{1C00CCD6-A19C-4B9E-A203-F053CE0871FF}.Release|Any CPU.Build.0 = Release|Any CPU
		{1C00CCD6-A19C-4B9E-A203-F053CE0871FF}.Release|x64.ActiveCfg = Release|Any CPU
		{1C00CCD6-A19C-4B9E-A203-F053CE0871FF}.Release|x64.Build.0 = Release|Any CPU
		{1C00CCD6-A19C-4B9E-A203-F053CE0871FF}.Release|x86.ActiveCfg = Release|Any CPU
		{1C00CCD6-A19C-4B9E-A203-F053CE0871FF}.Release|x86.Build.0 = Release|Any CPU
		{7B85DEF1-07A1-4EA8-A5FC-269FAD82DD38}.Debug|Any CPU.ActiveCfg = Debug|Any CPU
		{7B85DEF1-07A1-4EA8-A5FC-269FAD82DD38}.Debug|Any CPU.Build.0 = Debug|Any CPU
		{7B85DEF1-07A1-4EA8-A5FC-269FAD82DD38}.Debug|x64.ActiveCfg = Debug|Any CPU
		{7B85DEF1-07A1-4EA8-A5FC-269FAD82DD38}.Debug|x64.Build.0 = Debug|Any CPU
		{7B85DEF1-07A1-4EA8-A5FC-269FAD82DD38}.Debug|x86.ActiveCfg = Debug|Any CPU
		{7B85DEF1-07A1-4EA8-A5FC-269FAD82DD38}.Debug|x86.Build.0 = Debug|Any CPU
		{7B85DEF1-07A1-4EA8-A5FC-269FAD82DD38}.MobilityConceptBuild|Any CPU.ActiveCfg = Release|Any CPU
		{7B85DEF1-07A1-4EA8-A5FC-269FAD82DD38}.MobilityConceptBuild|Any CPU.Build.0 = Release|Any CPU
		{7B85DEF1-07A1-4EA8-A5FC-269FAD82DD38}.MobilityConceptBuild|x64.ActiveCfg = Release|Any CPU
		{7B85DEF1-07A1-4EA8-A5FC-269FAD82DD38}.MobilityConceptBuild|x64.Build.0 = Release|Any CPU
		{7B85DEF1-07A1-4EA8-A5FC-269FAD82DD38}.MobilityConceptBuild|x86.ActiveCfg = Release|Any CPU
		{7B85DEF1-07A1-4EA8-A5FC-269FAD82DD38}.MobilityConceptBuild|x86.Build.0 = Release|Any CPU
		{7B85DEF1-07A1-4EA8-A5FC-269FAD82DD38}.Release|Any CPU.ActiveCfg = Release|Any CPU
		{7B85DEF1-07A1-4EA8-A5FC-269FAD82DD38}.Release|Any CPU.Build.0 = Release|Any CPU
		{7B85DEF1-07A1-4EA8-A5FC-269FAD82DD38}.Release|x64.ActiveCfg = Release|Any CPU
		{7B85DEF1-07A1-4EA8-A5FC-269FAD82DD38}.Release|x64.Build.0 = Release|Any CPU
		{7B85DEF1-07A1-4EA8-A5FC-269FAD82DD38}.Release|x86.ActiveCfg = Release|Any CPU
		{7B85DEF1-07A1-4EA8-A5FC-269FAD82DD38}.Release|x86.Build.0 = Release|Any CPU
		{9985222B-9BB5-4B68-9342-764C295D7FA9}.Debug|Any CPU.ActiveCfg = Debug|Any CPU
		{9985222B-9BB5-4B68-9342-764C295D7FA9}.Debug|Any CPU.Build.0 = Debug|Any CPU
		{9985222B-9BB5-4B68-9342-764C295D7FA9}.Debug|x64.ActiveCfg = Debug|Any CPU
		{9985222B-9BB5-4B68-9342-764C295D7FA9}.Debug|x64.Build.0 = Debug|Any CPU
		{9985222B-9BB5-4B68-9342-764C295D7FA9}.Debug|x86.ActiveCfg = Debug|Any CPU
		{9985222B-9BB5-4B68-9342-764C295D7FA9}.Debug|x86.Build.0 = Debug|Any CPU
		{9985222B-9BB5-4B68-9342-764C295D7FA9}.MobilityConceptBuild|Any CPU.ActiveCfg = Release|Any CPU
		{9985222B-9BB5-4B68-9342-764C295D7FA9}.MobilityConceptBuild|Any CPU.Build.0 = Release|Any CPU
		{9985222B-9BB5-4B68-9342-764C295D7FA9}.MobilityConceptBuild|x64.ActiveCfg = Release|Any CPU
		{9985222B-9BB5-4B68-9342-764C295D7FA9}.MobilityConceptBuild|x64.Build.0 = Release|Any CPU
		{9985222B-9BB5-4B68-9342-764C295D7FA9}.MobilityConceptBuild|x86.ActiveCfg = Release|Any CPU
		{9985222B-9BB5-4B68-9342-764C295D7FA9}.MobilityConceptBuild|x86.Build.0 = Release|Any CPU
		{9985222B-9BB5-4B68-9342-764C295D7FA9}.Release|Any CPU.ActiveCfg = Release|Any CPU
		{9985222B-9BB5-4B68-9342-764C295D7FA9}.Release|Any CPU.Build.0 = Release|Any CPU
		{9985222B-9BB5-4B68-9342-764C295D7FA9}.Release|x64.ActiveCfg = Release|Any CPU
		{9985222B-9BB5-4B68-9342-764C295D7FA9}.Release|x64.Build.0 = Release|Any CPU
		{9985222B-9BB5-4B68-9342-764C295D7FA9}.Release|x86.ActiveCfg = Release|Any CPU
		{9985222B-9BB5-4B68-9342-764C295D7FA9}.Release|x86.Build.0 = Release|Any CPU
		{C22CE76F-B9BB-441C-982E-5859E7EF531B}.Debug|Any CPU.ActiveCfg = Debug|Any CPU
		{C22CE76F-B9BB-441C-982E-5859E7EF531B}.Debug|Any CPU.Build.0 = Debug|Any CPU
		{C22CE76F-B9BB-441C-982E-5859E7EF531B}.Debug|x64.ActiveCfg = Debug|Any CPU
		{C22CE76F-B9BB-441C-982E-5859E7EF531B}.Debug|x64.Build.0 = Debug|Any CPU
		{C22CE76F-B9BB-441C-982E-5859E7EF531B}.Debug|x86.ActiveCfg = Debug|Any CPU
		{C22CE76F-B9BB-441C-982E-5859E7EF531B}.Debug|x86.Build.0 = Debug|Any CPU
		{C22CE76F-B9BB-441C-982E-5859E7EF531B}.MobilityConceptBuild|Any CPU.ActiveCfg = Release|Any CPU
		{C22CE76F-B9BB-441C-982E-5859E7EF531B}.MobilityConceptBuild|Any CPU.Build.0 = Release|Any CPU
		{C22CE76F-B9BB-441C-982E-5859E7EF531B}.MobilityConceptBuild|x64.ActiveCfg = Release|Any CPU
		{C22CE76F-B9BB-441C-982E-5859E7EF531B}.MobilityConceptBuild|x64.Build.0 = Release|Any CPU
		{C22CE76F-B9BB-441C-982E-5859E7EF531B}.MobilityConceptBuild|x86.ActiveCfg = Release|Any CPU
		{C22CE76F-B9BB-441C-982E-5859E7EF531B}.MobilityConceptBuild|x86.Build.0 = Release|Any CPU
		{C22CE76F-B9BB-441C-982E-5859E7EF531B}.Release|Any CPU.ActiveCfg = Release|Any CPU
		{C22CE76F-B9BB-441C-982E-5859E7EF531B}.Release|Any CPU.Build.0 = Release|Any CPU
		{C22CE76F-B9BB-441C-982E-5859E7EF531B}.Release|x64.ActiveCfg = Release|Any CPU
		{C22CE76F-B9BB-441C-982E-5859E7EF531B}.Release|x64.Build.0 = Release|Any CPU
		{C22CE76F-B9BB-441C-982E-5859E7EF531B}.Release|x86.ActiveCfg = Release|Any CPU
		{C22CE76F-B9BB-441C-982E-5859E7EF531B}.Release|x86.Build.0 = Release|Any CPU
		{3F7B0B08-3953-4B33-A223-FAF5497634F1}.Debug|Any CPU.ActiveCfg = Debug|Any CPU
		{3F7B0B08-3953-4B33-A223-FAF5497634F1}.Debug|Any CPU.Build.0 = Debug|Any CPU
		{3F7B0B08-3953-4B33-A223-FAF5497634F1}.Debug|x64.ActiveCfg = Debug|Any CPU
		{3F7B0B08-3953-4B33-A223-FAF5497634F1}.Debug|x64.Build.0 = Debug|Any CPU
		{3F7B0B08-3953-4B33-A223-FAF5497634F1}.Debug|x86.ActiveCfg = Debug|Any CPU
		{3F7B0B08-3953-4B33-A223-FAF5497634F1}.Debug|x86.Build.0 = Debug|Any CPU
		{3F7B0B08-3953-4B33-A223-FAF5497634F1}.MobilityConceptBuild|Any CPU.ActiveCfg = Release|Any CPU
		{3F7B0B08-3953-4B33-A223-FAF5497634F1}.MobilityConceptBuild|Any CPU.Build.0 = Release|Any CPU
		{3F7B0B08-3953-4B33-A223-FAF5497634F1}.MobilityConceptBuild|x64.ActiveCfg = Release|Any CPU
		{3F7B0B08-3953-4B33-A223-FAF5497634F1}.MobilityConceptBuild|x64.Build.0 = Release|Any CPU
		{3F7B0B08-3953-4B33-A223-FAF5497634F1}.MobilityConceptBuild|x86.ActiveCfg = Release|Any CPU
		{3F7B0B08-3953-4B33-A223-FAF5497634F1}.MobilityConceptBuild|x86.Build.0 = Release|Any CPU
		{3F7B0B08-3953-4B33-A223-FAF5497634F1}.Release|Any CPU.ActiveCfg = Release|Any CPU
		{3F7B0B08-3953-4B33-A223-FAF5497634F1}.Release|Any CPU.Build.0 = Release|Any CPU
		{3F7B0B08-3953-4B33-A223-FAF5497634F1}.Release|x64.ActiveCfg = Release|Any CPU
		{3F7B0B08-3953-4B33-A223-FAF5497634F1}.Release|x64.Build.0 = Release|Any CPU
		{3F7B0B08-3953-4B33-A223-FAF5497634F1}.Release|x86.ActiveCfg = Release|Any CPU
		{3F7B0B08-3953-4B33-A223-FAF5497634F1}.Release|x86.Build.0 = Release|Any CPU
		{09A69359-7AD0-47B0-B6F5-AB6A2A1ED1B8}.Debug|Any CPU.ActiveCfg = Debug|Any CPU
		{09A69359-7AD0-47B0-B6F5-AB6A2A1ED1B8}.Debug|Any CPU.Build.0 = Debug|Any CPU
		{09A69359-7AD0-47B0-B6F5-AB6A2A1ED1B8}.Debug|x64.ActiveCfg = Debug|Any CPU
		{09A69359-7AD0-47B0-B6F5-AB6A2A1ED1B8}.Debug|x64.Build.0 = Debug|Any CPU
		{09A69359-7AD0-47B0-B6F5-AB6A2A1ED1B8}.Debug|x86.ActiveCfg = Debug|Any CPU
		{09A69359-7AD0-47B0-B6F5-AB6A2A1ED1B8}.Debug|x86.Build.0 = Debug|Any CPU
		{09A69359-7AD0-47B0-B6F5-AB6A2A1ED1B8}.MobilityConceptBuild|Any CPU.ActiveCfg = Release|Any CPU
		{09A69359-7AD0-47B0-B6F5-AB6A2A1ED1B8}.MobilityConceptBuild|Any CPU.Build.0 = Release|Any CPU
		{09A69359-7AD0-47B0-B6F5-AB6A2A1ED1B8}.MobilityConceptBuild|x64.ActiveCfg = Release|Any CPU
		{09A69359-7AD0-47B0-B6F5-AB6A2A1ED1B8}.MobilityConceptBuild|x64.Build.0 = Release|Any CPU
		{09A69359-7AD0-47B0-B6F5-AB6A2A1ED1B8}.MobilityConceptBuild|x86.ActiveCfg = Release|Any CPU
		{09A69359-7AD0-47B0-B6F5-AB6A2A1ED1B8}.MobilityConceptBuild|x86.Build.0 = Release|Any CPU
		{09A69359-7AD0-47B0-B6F5-AB6A2A1ED1B8}.Release|Any CPU.ActiveCfg = Release|Any CPU
		{09A69359-7AD0-47B0-B6F5-AB6A2A1ED1B8}.Release|Any CPU.Build.0 = Release|Any CPU
		{09A69359-7AD0-47B0-B6F5-AB6A2A1ED1B8}.Release|x64.ActiveCfg = Release|Any CPU
		{09A69359-7AD0-47B0-B6F5-AB6A2A1ED1B8}.Release|x64.Build.0 = Release|Any CPU
		{09A69359-7AD0-47B0-B6F5-AB6A2A1ED1B8}.Release|x86.ActiveCfg = Release|Any CPU
		{09A69359-7AD0-47B0-B6F5-AB6A2A1ED1B8}.Release|x86.Build.0 = Release|Any CPU
		{8EDF4429-251A-416D-BB68-93F227191BCF}.Debug|Any CPU.ActiveCfg = Debug|Any CPU
		{8EDF4429-251A-416D-BB68-93F227191BCF}.Debug|Any CPU.Build.0 = Debug|Any CPU
		{8EDF4429-251A-416D-BB68-93F227191BCF}.Debug|x64.ActiveCfg = Debug|Any CPU
		{8EDF4429-251A-416D-BB68-93F227191BCF}.Debug|x64.Build.0 = Debug|Any CPU
		{8EDF4429-251A-416D-BB68-93F227191BCF}.Debug|x86.ActiveCfg = Debug|Any CPU
		{8EDF4429-251A-416D-BB68-93F227191BCF}.Debug|x86.Build.0 = Debug|Any CPU
		{8EDF4429-251A-416D-BB68-93F227191BCF}.MobilityConceptBuild|Any CPU.ActiveCfg = Release|Any CPU
		{8EDF4429-251A-416D-BB68-93F227191BCF}.MobilityConceptBuild|Any CPU.Build.0 = Release|Any CPU
		{8EDF4429-251A-416D-BB68-93F227191BCF}.MobilityConceptBuild|x64.ActiveCfg = Release|Any CPU
		{8EDF4429-251A-416D-BB68-93F227191BCF}.MobilityConceptBuild|x64.Build.0 = Release|Any CPU
		{8EDF4429-251A-416D-BB68-93F227191BCF}.MobilityConceptBuild|x86.ActiveCfg = Release|Any CPU
		{8EDF4429-251A-416D-BB68-93F227191BCF}.MobilityConceptBuild|x86.Build.0 = Release|Any CPU
		{8EDF4429-251A-416D-BB68-93F227191BCF}.Release|Any CPU.ActiveCfg = Release|Any CPU
		{8EDF4429-251A-416D-BB68-93F227191BCF}.Release|Any CPU.Build.0 = Release|Any CPU
		{8EDF4429-251A-416D-BB68-93F227191BCF}.Release|x64.ActiveCfg = Release|Any CPU
		{8EDF4429-251A-416D-BB68-93F227191BCF}.Release|x64.Build.0 = Release|Any CPU
		{8EDF4429-251A-416D-BB68-93F227191BCF}.Release|x86.ActiveCfg = Release|Any CPU
		{8EDF4429-251A-416D-BB68-93F227191BCF}.Release|x86.Build.0 = Release|Any CPU
		{10B01908-1866-4AC0-A143-308E1FA854FC}.Debug|Any CPU.ActiveCfg = Debug|Any CPU
		{10B01908-1866-4AC0-A143-308E1FA854FC}.Debug|Any CPU.Build.0 = Debug|Any CPU
		{10B01908-1866-4AC0-A143-308E1FA854FC}.Debug|x64.ActiveCfg = Debug|Any CPU
		{10B01908-1866-4AC0-A143-308E1FA854FC}.Debug|x64.Build.0 = Debug|Any CPU
		{10B01908-1866-4AC0-A143-308E1FA854FC}.Debug|x86.ActiveCfg = Debug|Any CPU
		{10B01908-1866-4AC0-A143-308E1FA854FC}.Debug|x86.Build.0 = Debug|Any CPU
		{10B01908-1866-4AC0-A143-308E1FA854FC}.MobilityConceptBuild|Any CPU.ActiveCfg = Release|Any CPU
		{10B01908-1866-4AC0-A143-308E1FA854FC}.MobilityConceptBuild|Any CPU.Build.0 = Release|Any CPU
		{10B01908-1866-4AC0-A143-308E1FA854FC}.MobilityConceptBuild|x64.ActiveCfg = Release|Any CPU
		{10B01908-1866-4AC0-A143-308E1FA854FC}.MobilityConceptBuild|x64.Build.0 = Release|Any CPU
		{10B01908-1866-4AC0-A143-308E1FA854FC}.MobilityConceptBuild|x86.ActiveCfg = Release|Any CPU
		{10B01908-1866-4AC0-A143-308E1FA854FC}.MobilityConceptBuild|x86.Build.0 = Release|Any CPU
		{10B01908-1866-4AC0-A143-308E1FA854FC}.Release|Any CPU.ActiveCfg = Release|Any CPU
		{10B01908-1866-4AC0-A143-308E1FA854FC}.Release|Any CPU.Build.0 = Release|Any CPU
		{10B01908-1866-4AC0-A143-308E1FA854FC}.Release|x64.ActiveCfg = Release|Any CPU
		{10B01908-1866-4AC0-A143-308E1FA854FC}.Release|x64.Build.0 = Release|Any CPU
		{10B01908-1866-4AC0-A143-308E1FA854FC}.Release|x86.ActiveCfg = Release|Any CPU
		{10B01908-1866-4AC0-A143-308E1FA854FC}.Release|x86.Build.0 = Release|Any CPU
		{C5F80730-F44F-4478-BDAE-6634EFC2CA88}.Debug|Any CPU.ActiveCfg = Debug|Win32
		{C5F80730-F44F-4478-BDAE-6634EFC2CA88}.Debug|x64.ActiveCfg = Debug|Win32
		{C5F80730-F44F-4478-BDAE-6634EFC2CA88}.Debug|x86.ActiveCfg = Debug|Win32
		{C5F80730-F44F-4478-BDAE-6634EFC2CA88}.Debug|x86.Build.0 = Debug|Win32
		{C5F80730-F44F-4478-BDAE-6634EFC2CA88}.MobilityConceptBuild|Any CPU.ActiveCfg = MobilityConceptBuild|Win32
		{C5F80730-F44F-4478-BDAE-6634EFC2CA88}.MobilityConceptBuild|x64.ActiveCfg = MobilityConceptBuild|Win32
		{C5F80730-F44F-4478-BDAE-6634EFC2CA88}.MobilityConceptBuild|x86.ActiveCfg = MobilityConceptBuild|Win32
		{C5F80730-F44F-4478-BDAE-6634EFC2CA88}.Release|Any CPU.ActiveCfg = Release|Win32
		{C5F80730-F44F-4478-BDAE-6634EFC2CA88}.Release|x64.ActiveCfg = Release|Win32
		{C5F80730-F44F-4478-BDAE-6634EFC2CA88}.Release|x86.ActiveCfg = Release|Win32
		{C5F80730-F44F-4478-BDAE-6634EFC2CA88}.Release|x86.Build.0 = Release|Win32
		{089E96B5-5072-4E98-A0F9-D6785E820866}.Debug|Any CPU.ActiveCfg = Debug|Any CPU
		{089E96B5-5072-4E98-A0F9-D6785E820866}.Debug|Any CPU.Build.0 = Debug|Any CPU
		{089E96B5-5072-4E98-A0F9-D6785E820866}.Debug|x64.ActiveCfg = Debug|Any CPU
		{089E96B5-5072-4E98-A0F9-D6785E820866}.Debug|x64.Build.0 = Debug|Any CPU
		{089E96B5-5072-4E98-A0F9-D6785E820866}.Debug|x86.ActiveCfg = Debug|Any CPU
		{089E96B5-5072-4E98-A0F9-D6785E820866}.Debug|x86.Build.0 = Debug|Any CPU
		{089E96B5-5072-4E98-A0F9-D6785E820866}.MobilityConceptBuild|Any CPU.ActiveCfg = Release|Any CPU
		{089E96B5-5072-4E98-A0F9-D6785E820866}.MobilityConceptBuild|Any CPU.Build.0 = Release|Any CPU
		{089E96B5-5072-4E98-A0F9-D6785E820866}.MobilityConceptBuild|x64.ActiveCfg = Release|Any CPU
		{089E96B5-5072-4E98-A0F9-D6785E820866}.MobilityConceptBuild|x64.Build.0 = Release|Any CPU
		{089E96B5-5072-4E98-A0F9-D6785E820866}.MobilityConceptBuild|x86.ActiveCfg = Release|Any CPU
		{089E96B5-5072-4E98-A0F9-D6785E820866}.MobilityConceptBuild|x86.Build.0 = Release|Any CPU
		{089E96B5-5072-4E98-A0F9-D6785E820866}.Release|Any CPU.ActiveCfg = Release|Any CPU
		{089E96B5-5072-4E98-A0F9-D6785E820866}.Release|Any CPU.Build.0 = Release|Any CPU
		{089E96B5-5072-4E98-A0F9-D6785E820866}.Release|x64.ActiveCfg = Release|Any CPU
		{089E96B5-5072-4E98-A0F9-D6785E820866}.Release|x64.Build.0 = Release|Any CPU
		{089E96B5-5072-4E98-A0F9-D6785E820866}.Release|x86.ActiveCfg = Release|Any CPU
		{089E96B5-5072-4E98-A0F9-D6785E820866}.Release|x86.Build.0 = Release|Any CPU
		{F2BEBACC-B1A4-4710-BA71-811432687B50}.Debug|Any CPU.ActiveCfg = Debug|Any CPU
		{F2BEBACC-B1A4-4710-BA71-811432687B50}.Debug|Any CPU.Build.0 = Debug|Any CPU
		{F2BEBACC-B1A4-4710-BA71-811432687B50}.Debug|x64.ActiveCfg = Debug|Any CPU
		{F2BEBACC-B1A4-4710-BA71-811432687B50}.Debug|x64.Build.0 = Debug|Any CPU
		{F2BEBACC-B1A4-4710-BA71-811432687B50}.Debug|x86.ActiveCfg = Debug|Any CPU
		{F2BEBACC-B1A4-4710-BA71-811432687B50}.Debug|x86.Build.0 = Debug|Any CPU
		{F2BEBACC-B1A4-4710-BA71-811432687B50}.MobilityConceptBuild|Any CPU.ActiveCfg = Release|Any CPU
		{F2BEBACC-B1A4-4710-BA71-811432687B50}.MobilityConceptBuild|Any CPU.Build.0 = Release|Any CPU
		{F2BEBACC-B1A4-4710-BA71-811432687B50}.MobilityConceptBuild|x64.ActiveCfg = Release|Any CPU
		{F2BEBACC-B1A4-4710-BA71-811432687B50}.MobilityConceptBuild|x64.Build.0 = Release|Any CPU
		{F2BEBACC-B1A4-4710-BA71-811432687B50}.MobilityConceptBuild|x86.ActiveCfg = Release|Any CPU
		{F2BEBACC-B1A4-4710-BA71-811432687B50}.MobilityConceptBuild|x86.Build.0 = Release|Any CPU
		{F2BEBACC-B1A4-4710-BA71-811432687B50}.Release|Any CPU.ActiveCfg = Release|Any CPU
		{F2BEBACC-B1A4-4710-BA71-811432687B50}.Release|Any CPU.Build.0 = Release|Any CPU
		{F2BEBACC-B1A4-4710-BA71-811432687B50}.Release|x64.ActiveCfg = Release|Any CPU
		{F2BEBACC-B1A4-4710-BA71-811432687B50}.Release|x64.Build.0 = Release|Any CPU
		{F2BEBACC-B1A4-4710-BA71-811432687B50}.Release|x86.ActiveCfg = Release|Any CPU
		{F2BEBACC-B1A4-4710-BA71-811432687B50}.Release|x86.Build.0 = Release|Any CPU
		{BA183B57-B10F-43F8-B6C7-5B362F1666AC}.Debug|Any CPU.ActiveCfg = Debug|Any CPU
		{BA183B57-B10F-43F8-B6C7-5B362F1666AC}.Debug|Any CPU.Build.0 = Debug|Any CPU
		{BA183B57-B10F-43F8-B6C7-5B362F1666AC}.Debug|x64.ActiveCfg = Debug|Any CPU
		{BA183B57-B10F-43F8-B6C7-5B362F1666AC}.Debug|x64.Build.0 = Debug|Any CPU
		{BA183B57-B10F-43F8-B6C7-5B362F1666AC}.Debug|x86.ActiveCfg = Debug|Any CPU
		{BA183B57-B10F-43F8-B6C7-5B362F1666AC}.Debug|x86.Build.0 = Debug|Any CPU
		{BA183B57-B10F-43F8-B6C7-5B362F1666AC}.MobilityConceptBuild|Any CPU.ActiveCfg = Release|Any CPU
		{BA183B57-B10F-43F8-B6C7-5B362F1666AC}.MobilityConceptBuild|Any CPU.Build.0 = Release|Any CPU
		{BA183B57-B10F-43F8-B6C7-5B362F1666AC}.MobilityConceptBuild|x64.ActiveCfg = Release|Any CPU
		{BA183B57-B10F-43F8-B6C7-5B362F1666AC}.MobilityConceptBuild|x64.Build.0 = Release|Any CPU
		{BA183B57-B10F-43F8-B6C7-5B362F1666AC}.MobilityConceptBuild|x86.ActiveCfg = Release|Any CPU
		{BA183B57-B10F-43F8-B6C7-5B362F1666AC}.MobilityConceptBuild|x86.Build.0 = Release|Any CPU
		{BA183B57-B10F-43F8-B6C7-5B362F1666AC}.Release|Any CPU.ActiveCfg = Release|Any CPU
		{BA183B57-B10F-43F8-B6C7-5B362F1666AC}.Release|Any CPU.Build.0 = Release|Any CPU
		{BA183B57-B10F-43F8-B6C7-5B362F1666AC}.Release|x64.ActiveCfg = Release|Any CPU
		{BA183B57-B10F-43F8-B6C7-5B362F1666AC}.Release|x64.Build.0 = Release|Any CPU
		{BA183B57-B10F-43F8-B6C7-5B362F1666AC}.Release|x86.ActiveCfg = Release|Any CPU
		{BA183B57-B10F-43F8-B6C7-5B362F1666AC}.Release|x86.Build.0 = Release|Any CPU
		{E0C9704E-0907-4AFC-98C8-33BA52998EA7}.Debug|Any CPU.ActiveCfg = Debug|Any CPU
		{E0C9704E-0907-4AFC-98C8-33BA52998EA7}.Debug|Any CPU.Build.0 = Debug|Any CPU
		{E0C9704E-0907-4AFC-98C8-33BA52998EA7}.Debug|x64.ActiveCfg = Debug|Any CPU
		{E0C9704E-0907-4AFC-98C8-33BA52998EA7}.Debug|x64.Build.0 = Debug|Any CPU
		{E0C9704E-0907-4AFC-98C8-33BA52998EA7}.Debug|x86.ActiveCfg = Debug|Any CPU
		{E0C9704E-0907-4AFC-98C8-33BA52998EA7}.Debug|x86.Build.0 = Debug|Any CPU
		{E0C9704E-0907-4AFC-98C8-33BA52998EA7}.MobilityConceptBuild|Any CPU.ActiveCfg = Release|Any CPU
		{E0C9704E-0907-4AFC-98C8-33BA52998EA7}.MobilityConceptBuild|Any CPU.Build.0 = Release|Any CPU
		{E0C9704E-0907-4AFC-98C8-33BA52998EA7}.MobilityConceptBuild|x64.ActiveCfg = Release|Any CPU
		{E0C9704E-0907-4AFC-98C8-33BA52998EA7}.MobilityConceptBuild|x64.Build.0 = Release|Any CPU
		{E0C9704E-0907-4AFC-98C8-33BA52998EA7}.MobilityConceptBuild|x86.ActiveCfg = Release|Any CPU
		{E0C9704E-0907-4AFC-98C8-33BA52998EA7}.MobilityConceptBuild|x86.Build.0 = Release|Any CPU
		{E0C9704E-0907-4AFC-98C8-33BA52998EA7}.Release|Any CPU.ActiveCfg = Release|Any CPU
		{E0C9704E-0907-4AFC-98C8-33BA52998EA7}.Release|Any CPU.Build.0 = Release|Any CPU
		{E0C9704E-0907-4AFC-98C8-33BA52998EA7}.Release|x64.ActiveCfg = Release|Any CPU
		{E0C9704E-0907-4AFC-98C8-33BA52998EA7}.Release|x64.Build.0 = Release|Any CPU
		{E0C9704E-0907-4AFC-98C8-33BA52998EA7}.Release|x86.ActiveCfg = Release|Any CPU
		{E0C9704E-0907-4AFC-98C8-33BA52998EA7}.Release|x86.Build.0 = Release|Any CPU
		{71F95403-3CB8-4956-B0E6-7993A735FFE1}.Debug|Any CPU.ActiveCfg = Debug|Any CPU
		{71F95403-3CB8-4956-B0E6-7993A735FFE1}.Debug|Any CPU.Build.0 = Debug|Any CPU
		{71F95403-3CB8-4956-B0E6-7993A735FFE1}.Debug|x64.ActiveCfg = Debug|Any CPU
		{71F95403-3CB8-4956-B0E6-7993A735FFE1}.Debug|x64.Build.0 = Debug|Any CPU
		{71F95403-3CB8-4956-B0E6-7993A735FFE1}.Debug|x86.ActiveCfg = Debug|Any CPU
		{71F95403-3CB8-4956-B0E6-7993A735FFE1}.Debug|x86.Build.0 = Debug|Any CPU
		{71F95403-3CB8-4956-B0E6-7993A735FFE1}.MobilityConceptBuild|Any CPU.ActiveCfg = Release|Any CPU
		{71F95403-3CB8-4956-B0E6-7993A735FFE1}.MobilityConceptBuild|Any CPU.Build.0 = Release|Any CPU
		{71F95403-3CB8-4956-B0E6-7993A735FFE1}.MobilityConceptBuild|x64.ActiveCfg = Release|Any CPU
		{71F95403-3CB8-4956-B0E6-7993A735FFE1}.MobilityConceptBuild|x64.Build.0 = Release|Any CPU
		{71F95403-3CB8-4956-B0E6-7993A735FFE1}.MobilityConceptBuild|x86.ActiveCfg = Release|Any CPU
		{71F95403-3CB8-4956-B0E6-7993A735FFE1}.MobilityConceptBuild|x86.Build.0 = Release|Any CPU
		{71F95403-3CB8-4956-B0E6-7993A735FFE1}.Release|Any CPU.ActiveCfg = Release|Any CPU
		{71F95403-3CB8-4956-B0E6-7993A735FFE1}.Release|Any CPU.Build.0 = Release|Any CPU
		{71F95403-3CB8-4956-B0E6-7993A735FFE1}.Release|x64.ActiveCfg = Release|Any CPU
		{71F95403-3CB8-4956-B0E6-7993A735FFE1}.Release|x64.Build.0 = Release|Any CPU
		{71F95403-3CB8-4956-B0E6-7993A735FFE1}.Release|x86.ActiveCfg = Release|Any CPU
		{71F95403-3CB8-4956-B0E6-7993A735FFE1}.Release|x86.Build.0 = Release|Any CPU
		{99689BC3-301B-4FC7-9D5F-2AD2BEEB0FD6}.Debug|Any CPU.ActiveCfg = Debug|Any CPU
		{99689BC3-301B-4FC7-9D5F-2AD2BEEB0FD6}.Debug|Any CPU.Build.0 = Debug|Any CPU
		{99689BC3-301B-4FC7-9D5F-2AD2BEEB0FD6}.Debug|x64.ActiveCfg = Debug|Any CPU
		{99689BC3-301B-4FC7-9D5F-2AD2BEEB0FD6}.Debug|x64.Build.0 = Debug|Any CPU
		{99689BC3-301B-4FC7-9D5F-2AD2BEEB0FD6}.Debug|x86.ActiveCfg = Debug|Any CPU
		{99689BC3-301B-4FC7-9D5F-2AD2BEEB0FD6}.Debug|x86.Build.0 = Debug|Any CPU
		{99689BC3-301B-4FC7-9D5F-2AD2BEEB0FD6}.MobilityConceptBuild|Any CPU.ActiveCfg = Release|Any CPU
		{99689BC3-301B-4FC7-9D5F-2AD2BEEB0FD6}.MobilityConceptBuild|Any CPU.Build.0 = Release|Any CPU
		{99689BC3-301B-4FC7-9D5F-2AD2BEEB0FD6}.MobilityConceptBuild|x64.ActiveCfg = Release|Any CPU
		{99689BC3-301B-4FC7-9D5F-2AD2BEEB0FD6}.MobilityConceptBuild|x64.Build.0 = Release|Any CPU
		{99689BC3-301B-4FC7-9D5F-2AD2BEEB0FD6}.MobilityConceptBuild|x86.ActiveCfg = Release|Any CPU
		{99689BC3-301B-4FC7-9D5F-2AD2BEEB0FD6}.MobilityConceptBuild|x86.Build.0 = Release|Any CPU
		{99689BC3-301B-4FC7-9D5F-2AD2BEEB0FD6}.Release|Any CPU.ActiveCfg = Release|Any CPU
		{99689BC3-301B-4FC7-9D5F-2AD2BEEB0FD6}.Release|Any CPU.Build.0 = Release|Any CPU
		{99689BC3-301B-4FC7-9D5F-2AD2BEEB0FD6}.Release|x64.ActiveCfg = Release|Any CPU
		{99689BC3-301B-4FC7-9D5F-2AD2BEEB0FD6}.Release|x64.Build.0 = Release|Any CPU
		{99689BC3-301B-4FC7-9D5F-2AD2BEEB0FD6}.Release|x86.ActiveCfg = Release|Any CPU
		{99689BC3-301B-4FC7-9D5F-2AD2BEEB0FD6}.Release|x86.Build.0 = Release|Any CPU
		{32312AFA-2E15-40E1-ADE2-E4D5D43BF45A}.Debug|Any CPU.ActiveCfg = Debug|Any CPU
		{32312AFA-2E15-40E1-ADE2-E4D5D43BF45A}.Debug|Any CPU.Build.0 = Debug|Any CPU
		{32312AFA-2E15-40E1-ADE2-E4D5D43BF45A}.Debug|x64.ActiveCfg = Debug|Any CPU
		{32312AFA-2E15-40E1-ADE2-E4D5D43BF45A}.Debug|x64.Build.0 = Debug|Any CPU
		{32312AFA-2E15-40E1-ADE2-E4D5D43BF45A}.Debug|x86.ActiveCfg = Debug|Any CPU
		{32312AFA-2E15-40E1-ADE2-E4D5D43BF45A}.Debug|x86.Build.0 = Debug|Any CPU
		{32312AFA-2E15-40E1-ADE2-E4D5D43BF45A}.MobilityConceptBuild|Any CPU.ActiveCfg = Release|Any CPU
		{32312AFA-2E15-40E1-ADE2-E4D5D43BF45A}.MobilityConceptBuild|Any CPU.Build.0 = Release|Any CPU
		{32312AFA-2E15-40E1-ADE2-E4D5D43BF45A}.MobilityConceptBuild|x64.ActiveCfg = Release|Any CPU
		{32312AFA-2E15-40E1-ADE2-E4D5D43BF45A}.MobilityConceptBuild|x64.Build.0 = Release|Any CPU
		{32312AFA-2E15-40E1-ADE2-E4D5D43BF45A}.MobilityConceptBuild|x86.ActiveCfg = Release|Any CPU
		{32312AFA-2E15-40E1-ADE2-E4D5D43BF45A}.MobilityConceptBuild|x86.Build.0 = Release|Any CPU
		{32312AFA-2E15-40E1-ADE2-E4D5D43BF45A}.Release|Any CPU.ActiveCfg = Release|Any CPU
		{32312AFA-2E15-40E1-ADE2-E4D5D43BF45A}.Release|Any CPU.Build.0 = Release|Any CPU
		{32312AFA-2E15-40E1-ADE2-E4D5D43BF45A}.Release|x64.ActiveCfg = Release|Any CPU
		{32312AFA-2E15-40E1-ADE2-E4D5D43BF45A}.Release|x64.Build.0 = Release|Any CPU
		{32312AFA-2E15-40E1-ADE2-E4D5D43BF45A}.Release|x86.ActiveCfg = Release|Any CPU
		{32312AFA-2E15-40E1-ADE2-E4D5D43BF45A}.Release|x86.Build.0 = Release|Any CPU
		{571DB13E-7F1F-467C-9B31-FE6C8781DA9C}.Debug|Any CPU.ActiveCfg = Debug|Any CPU
		{571DB13E-7F1F-467C-9B31-FE6C8781DA9C}.Debug|Any CPU.Build.0 = Debug|Any CPU
		{571DB13E-7F1F-467C-9B31-FE6C8781DA9C}.Debug|x64.ActiveCfg = Debug|Any CPU
		{571DB13E-7F1F-467C-9B31-FE6C8781DA9C}.Debug|x64.Build.0 = Debug|Any CPU
		{571DB13E-7F1F-467C-9B31-FE6C8781DA9C}.Debug|x86.ActiveCfg = Debug|Any CPU
		{571DB13E-7F1F-467C-9B31-FE6C8781DA9C}.Debug|x86.Build.0 = Debug|Any CPU
		{571DB13E-7F1F-467C-9B31-FE6C8781DA9C}.MobilityConceptBuild|Any CPU.ActiveCfg = Release|Any CPU
		{571DB13E-7F1F-467C-9B31-FE6C8781DA9C}.MobilityConceptBuild|Any CPU.Build.0 = Release|Any CPU
		{571DB13E-7F1F-467C-9B31-FE6C8781DA9C}.MobilityConceptBuild|x64.ActiveCfg = Release|Any CPU
		{571DB13E-7F1F-467C-9B31-FE6C8781DA9C}.MobilityConceptBuild|x64.Build.0 = Release|Any CPU
		{571DB13E-7F1F-467C-9B31-FE6C8781DA9C}.MobilityConceptBuild|x86.ActiveCfg = Release|Any CPU
		{571DB13E-7F1F-467C-9B31-FE6C8781DA9C}.MobilityConceptBuild|x86.Build.0 = Release|Any CPU
		{571DB13E-7F1F-467C-9B31-FE6C8781DA9C}.Release|Any CPU.ActiveCfg = Release|Any CPU
		{571DB13E-7F1F-467C-9B31-FE6C8781DA9C}.Release|Any CPU.Build.0 = Release|Any CPU
		{571DB13E-7F1F-467C-9B31-FE6C8781DA9C}.Release|x64.ActiveCfg = Release|Any CPU
		{571DB13E-7F1F-467C-9B31-FE6C8781DA9C}.Release|x64.Build.0 = Release|Any CPU
		{571DB13E-7F1F-467C-9B31-FE6C8781DA9C}.Release|x86.ActiveCfg = Release|Any CPU
		{571DB13E-7F1F-467C-9B31-FE6C8781DA9C}.Release|x86.Build.0 = Release|Any CPU
		{539878DA-37E9-48F4-B48F-1BFA8F2E7B0C}.Debug|Any CPU.ActiveCfg = Debug|Any CPU
		{539878DA-37E9-48F4-B48F-1BFA8F2E7B0C}.Debug|Any CPU.Build.0 = Debug|Any CPU
		{539878DA-37E9-48F4-B48F-1BFA8F2E7B0C}.Debug|x64.ActiveCfg = Debug|Any CPU
		{539878DA-37E9-48F4-B48F-1BFA8F2E7B0C}.Debug|x64.Build.0 = Debug|Any CPU
		{539878DA-37E9-48F4-B48F-1BFA8F2E7B0C}.Debug|x86.ActiveCfg = Debug|Any CPU
		{539878DA-37E9-48F4-B48F-1BFA8F2E7B0C}.Debug|x86.Build.0 = Debug|Any CPU
		{539878DA-37E9-48F4-B48F-1BFA8F2E7B0C}.MobilityConceptBuild|Any CPU.ActiveCfg = Release|Any CPU
		{539878DA-37E9-48F4-B48F-1BFA8F2E7B0C}.MobilityConceptBuild|Any CPU.Build.0 = Release|Any CPU
		{539878DA-37E9-48F4-B48F-1BFA8F2E7B0C}.MobilityConceptBuild|x64.ActiveCfg = Release|Any CPU
		{539878DA-37E9-48F4-B48F-1BFA8F2E7B0C}.MobilityConceptBuild|x64.Build.0 = Release|Any CPU
		{539878DA-37E9-48F4-B48F-1BFA8F2E7B0C}.MobilityConceptBuild|x86.ActiveCfg = Release|Any CPU
		{539878DA-37E9-48F4-B48F-1BFA8F2E7B0C}.MobilityConceptBuild|x86.Build.0 = Release|Any CPU
		{539878DA-37E9-48F4-B48F-1BFA8F2E7B0C}.Release|Any CPU.ActiveCfg = Release|Any CPU
		{539878DA-37E9-48F4-B48F-1BFA8F2E7B0C}.Release|Any CPU.Build.0 = Release|Any CPU
		{539878DA-37E9-48F4-B48F-1BFA8F2E7B0C}.Release|x64.ActiveCfg = Release|Any CPU
		{539878DA-37E9-48F4-B48F-1BFA8F2E7B0C}.Release|x64.Build.0 = Release|Any CPU
		{539878DA-37E9-48F4-B48F-1BFA8F2E7B0C}.Release|x86.ActiveCfg = Release|Any CPU
		{539878DA-37E9-48F4-B48F-1BFA8F2E7B0C}.Release|x86.Build.0 = Release|Any CPU
		{2F53CAED-AB0C-4229-8533-E938E05E10DB}.Debug|Any CPU.ActiveCfg = Debug|Any CPU
		{2F53CAED-AB0C-4229-8533-E938E05E10DB}.Debug|Any CPU.Build.0 = Debug|Any CPU
		{2F53CAED-AB0C-4229-8533-E938E05E10DB}.Debug|x64.ActiveCfg = Debug|Any CPU
		{2F53CAED-AB0C-4229-8533-E938E05E10DB}.Debug|x64.Build.0 = Debug|Any CPU
		{2F53CAED-AB0C-4229-8533-E938E05E10DB}.Debug|x86.ActiveCfg = Debug|Any CPU
		{2F53CAED-AB0C-4229-8533-E938E05E10DB}.Debug|x86.Build.0 = Debug|Any CPU
		{2F53CAED-AB0C-4229-8533-E938E05E10DB}.MobilityConceptBuild|Any CPU.ActiveCfg = Release|Any CPU
		{2F53CAED-AB0C-4229-8533-E938E05E10DB}.MobilityConceptBuild|Any CPU.Build.0 = Release|Any CPU
		{2F53CAED-AB0C-4229-8533-E938E05E10DB}.MobilityConceptBuild|x64.ActiveCfg = Release|Any CPU
		{2F53CAED-AB0C-4229-8533-E938E05E10DB}.MobilityConceptBuild|x64.Build.0 = Release|Any CPU
		{2F53CAED-AB0C-4229-8533-E938E05E10DB}.MobilityConceptBuild|x86.ActiveCfg = Release|Any CPU
		{2F53CAED-AB0C-4229-8533-E938E05E10DB}.MobilityConceptBuild|x86.Build.0 = Release|Any CPU
		{2F53CAED-AB0C-4229-8533-E938E05E10DB}.Release|Any CPU.ActiveCfg = Release|Any CPU
		{2F53CAED-AB0C-4229-8533-E938E05E10DB}.Release|Any CPU.Build.0 = Release|Any CPU
		{2F53CAED-AB0C-4229-8533-E938E05E10DB}.Release|x64.ActiveCfg = Release|Any CPU
		{2F53CAED-AB0C-4229-8533-E938E05E10DB}.Release|x64.Build.0 = Release|Any CPU
		{2F53CAED-AB0C-4229-8533-E938E05E10DB}.Release|x86.ActiveCfg = Release|Any CPU
		{2F53CAED-AB0C-4229-8533-E938E05E10DB}.Release|x86.Build.0 = Release|Any CPU
		{C9CA6046-C7EE-4194-821B-9570A6299734}.Debug|Any CPU.ActiveCfg = Debug|Any CPU
		{C9CA6046-C7EE-4194-821B-9570A6299734}.Debug|Any CPU.Build.0 = Debug|Any CPU
		{C9CA6046-C7EE-4194-821B-9570A6299734}.Debug|x64.ActiveCfg = Debug|Any CPU
		{C9CA6046-C7EE-4194-821B-9570A6299734}.Debug|x64.Build.0 = Debug|Any CPU
		{C9CA6046-C7EE-4194-821B-9570A6299734}.Debug|x86.ActiveCfg = Debug|Any CPU
		{C9CA6046-C7EE-4194-821B-9570A6299734}.Debug|x86.Build.0 = Debug|Any CPU
		{C9CA6046-C7EE-4194-821B-9570A6299734}.MobilityConceptBuild|Any CPU.ActiveCfg = Release|Any CPU
		{C9CA6046-C7EE-4194-821B-9570A6299734}.MobilityConceptBuild|Any CPU.Build.0 = Release|Any CPU
		{C9CA6046-C7EE-4194-821B-9570A6299734}.MobilityConceptBuild|x64.ActiveCfg = Release|Any CPU
		{C9CA6046-C7EE-4194-821B-9570A6299734}.MobilityConceptBuild|x64.Build.0 = Release|Any CPU
		{C9CA6046-C7EE-4194-821B-9570A6299734}.MobilityConceptBuild|x86.ActiveCfg = Release|Any CPU
		{C9CA6046-C7EE-4194-821B-9570A6299734}.MobilityConceptBuild|x86.Build.0 = Release|Any CPU
		{C9CA6046-C7EE-4194-821B-9570A6299734}.Release|Any CPU.ActiveCfg = Release|Any CPU
		{C9CA6046-C7EE-4194-821B-9570A6299734}.Release|Any CPU.Build.0 = Release|Any CPU
		{C9CA6046-C7EE-4194-821B-9570A6299734}.Release|x64.ActiveCfg = Release|Any CPU
		{C9CA6046-C7EE-4194-821B-9570A6299734}.Release|x64.Build.0 = Release|Any CPU
		{C9CA6046-C7EE-4194-821B-9570A6299734}.Release|x86.ActiveCfg = Release|Any CPU
		{C9CA6046-C7EE-4194-821B-9570A6299734}.Release|x86.Build.0 = Release|Any CPU
		{5FDF6D44-72E8-4214-9FF5-BB32418CAD38}.Debug|Any CPU.ActiveCfg = Debug|x86
		{5FDF6D44-72E8-4214-9FF5-BB32418CAD38}.Debug|x64.ActiveCfg = Debug|x86
		{5FDF6D44-72E8-4214-9FF5-BB32418CAD38}.Debug|x86.ActiveCfg = Debug|x86
		{5FDF6D44-72E8-4214-9FF5-BB32418CAD38}.Debug|x86.Build.0 = Debug|x86
		{5FDF6D44-72E8-4214-9FF5-BB32418CAD38}.MobilityConceptBuild|Any CPU.ActiveCfg = Release|x86
		{5FDF6D44-72E8-4214-9FF5-BB32418CAD38}.MobilityConceptBuild|Any CPU.Build.0 = Release|x86
		{5FDF6D44-72E8-4214-9FF5-BB32418CAD38}.MobilityConceptBuild|x64.ActiveCfg = Release|x86
		{5FDF6D44-72E8-4214-9FF5-BB32418CAD38}.MobilityConceptBuild|x64.Build.0 = Release|x86
		{5FDF6D44-72E8-4214-9FF5-BB32418CAD38}.MobilityConceptBuild|x86.ActiveCfg = Release|x86
		{5FDF6D44-72E8-4214-9FF5-BB32418CAD38}.MobilityConceptBuild|x86.Build.0 = Release|x86
		{5FDF6D44-72E8-4214-9FF5-BB32418CAD38}.Release|Any CPU.ActiveCfg = Release|x86
		{5FDF6D44-72E8-4214-9FF5-BB32418CAD38}.Release|x64.ActiveCfg = Release|x86
		{5FDF6D44-72E8-4214-9FF5-BB32418CAD38}.Release|x86.ActiveCfg = Release|x86
		{5FDF6D44-72E8-4214-9FF5-BB32418CAD38}.Release|x86.Build.0 = Release|x86
		{E4D70A56-7EC2-4B4D-B346-79BE319B69C6}.Debug|Any CPU.ActiveCfg = Debug|x86
		{E4D70A56-7EC2-4B4D-B346-79BE319B69C6}.Debug|x64.ActiveCfg = Debug|x86
		{E4D70A56-7EC2-4B4D-B346-79BE319B69C6}.Debug|x86.ActiveCfg = Debug|x86
		{E4D70A56-7EC2-4B4D-B346-79BE319B69C6}.Debug|x86.Build.0 = Debug|x86
		{E4D70A56-7EC2-4B4D-B346-79BE319B69C6}.MobilityConceptBuild|Any CPU.ActiveCfg = MobilityConceptBuild|x86
		{E4D70A56-7EC2-4B4D-B346-79BE319B69C6}.MobilityConceptBuild|Any CPU.Build.0 = MobilityConceptBuild|x86
		{E4D70A56-7EC2-4B4D-B346-79BE319B69C6}.MobilityConceptBuild|x64.ActiveCfg = MobilityConceptBuild|x86
		{E4D70A56-7EC2-4B4D-B346-79BE319B69C6}.MobilityConceptBuild|x64.Build.0 = MobilityConceptBuild|x86
		{E4D70A56-7EC2-4B4D-B346-79BE319B69C6}.MobilityConceptBuild|x86.ActiveCfg = MobilityConceptBuild|x86
		{E4D70A56-7EC2-4B4D-B346-79BE319B69C6}.MobilityConceptBuild|x86.Build.0 = MobilityConceptBuild|x86
		{E4D70A56-7EC2-4B4D-B346-79BE319B69C6}.Release|Any CPU.ActiveCfg = Release|x86
		{E4D70A56-7EC2-4B4D-B346-79BE319B69C6}.Release|x64.ActiveCfg = Release|x86
		{E4D70A56-7EC2-4B4D-B346-79BE319B69C6}.Release|x86.ActiveCfg = Release|x86
		{E4D70A56-7EC2-4B4D-B346-79BE319B69C6}.Release|x86.Build.0 = Release|x86
		{CAAD25FE-1FB3-4B50-9D6F-DD1681E1BEA1}.Debug|Any CPU.ActiveCfg = Debug|Any CPU
		{CAAD25FE-1FB3-4B50-9D6F-DD1681E1BEA1}.Debug|Any CPU.Build.0 = Debug|Any CPU
		{CAAD25FE-1FB3-4B50-9D6F-DD1681E1BEA1}.Debug|x64.ActiveCfg = Debug|Any CPU
		{CAAD25FE-1FB3-4B50-9D6F-DD1681E1BEA1}.Debug|x64.Build.0 = Debug|Any CPU
		{CAAD25FE-1FB3-4B50-9D6F-DD1681E1BEA1}.Debug|x86.ActiveCfg = Debug|Any CPU
		{CAAD25FE-1FB3-4B50-9D6F-DD1681E1BEA1}.Debug|x86.Build.0 = Debug|Any CPU
		{CAAD25FE-1FB3-4B50-9D6F-DD1681E1BEA1}.MobilityConceptBuild|Any CPU.ActiveCfg = Release|Any CPU
		{CAAD25FE-1FB3-4B50-9D6F-DD1681E1BEA1}.MobilityConceptBuild|Any CPU.Build.0 = Release|Any CPU
		{CAAD25FE-1FB3-4B50-9D6F-DD1681E1BEA1}.MobilityConceptBuild|x64.ActiveCfg = Release|Any CPU
		{CAAD25FE-1FB3-4B50-9D6F-DD1681E1BEA1}.MobilityConceptBuild|x64.Build.0 = Release|Any CPU
		{CAAD25FE-1FB3-4B50-9D6F-DD1681E1BEA1}.MobilityConceptBuild|x86.ActiveCfg = Release|Any CPU
		{CAAD25FE-1FB3-4B50-9D6F-DD1681E1BEA1}.MobilityConceptBuild|x86.Build.0 = Release|Any CPU
		{CAAD25FE-1FB3-4B50-9D6F-DD1681E1BEA1}.Release|Any CPU.ActiveCfg = Release|Any CPU
		{CAAD25FE-1FB3-4B50-9D6F-DD1681E1BEA1}.Release|Any CPU.Build.0 = Release|Any CPU
		{CAAD25FE-1FB3-4B50-9D6F-DD1681E1BEA1}.Release|x64.ActiveCfg = Release|Any CPU
		{CAAD25FE-1FB3-4B50-9D6F-DD1681E1BEA1}.Release|x64.Build.0 = Release|Any CPU
		{CAAD25FE-1FB3-4B50-9D6F-DD1681E1BEA1}.Release|x86.ActiveCfg = Release|Any CPU
		{CAAD25FE-1FB3-4B50-9D6F-DD1681E1BEA1}.Release|x86.Build.0 = Release|Any CPU
		{EB170822-418B-47F9-8B8A-B456516295C1}.Debug|Any CPU.ActiveCfg = Debug|Any CPU
		{EB170822-418B-47F9-8B8A-B456516295C1}.Debug|Any CPU.Build.0 = Debug|Any CPU
		{EB170822-418B-47F9-8B8A-B456516295C1}.Debug|x64.ActiveCfg = Debug|Any CPU
		{EB170822-418B-47F9-8B8A-B456516295C1}.Debug|x64.Build.0 = Debug|Any CPU
		{EB170822-418B-47F9-8B8A-B456516295C1}.Debug|x86.ActiveCfg = Debug|Any CPU
		{EB170822-418B-47F9-8B8A-B456516295C1}.Debug|x86.Build.0 = Debug|Any CPU
		{EB170822-418B-47F9-8B8A-B456516295C1}.MobilityConceptBuild|Any CPU.ActiveCfg = Release|Any CPU
		{EB170822-418B-47F9-8B8A-B456516295C1}.MobilityConceptBuild|Any CPU.Build.0 = Release|Any CPU
		{EB170822-418B-47F9-8B8A-B456516295C1}.MobilityConceptBuild|x64.ActiveCfg = Release|Any CPU
		{EB170822-418B-47F9-8B8A-B456516295C1}.MobilityConceptBuild|x64.Build.0 = Release|Any CPU
		{EB170822-418B-47F9-8B8A-B456516295C1}.MobilityConceptBuild|x86.ActiveCfg = Release|Any CPU
		{EB170822-418B-47F9-8B8A-B456516295C1}.MobilityConceptBuild|x86.Build.0 = Release|Any CPU
		{EB170822-418B-47F9-8B8A-B456516295C1}.Release|Any CPU.ActiveCfg = Release|Any CPU
		{EB170822-418B-47F9-8B8A-B456516295C1}.Release|Any CPU.Build.0 = Release|Any CPU
		{EB170822-418B-47F9-8B8A-B456516295C1}.Release|x64.ActiveCfg = Release|Any CPU
		{EB170822-418B-47F9-8B8A-B456516295C1}.Release|x64.Build.0 = Release|Any CPU
		{EB170822-418B-47F9-8B8A-B456516295C1}.Release|x86.ActiveCfg = Release|Any CPU
		{EB170822-418B-47F9-8B8A-B456516295C1}.Release|x86.Build.0 = Release|Any CPU
		{785AB166-FD30-487D-A963-9AD39D9979A5}.Debug|Any CPU.ActiveCfg = Debug|Any CPU
		{785AB166-FD30-487D-A963-9AD39D9979A5}.Debug|Any CPU.Build.0 = Debug|Any CPU
		{785AB166-FD30-487D-A963-9AD39D9979A5}.Debug|x64.ActiveCfg = Debug|Any CPU
		{785AB166-FD30-487D-A963-9AD39D9979A5}.Debug|x64.Build.0 = Debug|Any CPU
		{785AB166-FD30-487D-A963-9AD39D9979A5}.Debug|x86.ActiveCfg = Debug|Any CPU
		{785AB166-FD30-487D-A963-9AD39D9979A5}.Debug|x86.Build.0 = Debug|Any CPU
		{785AB166-FD30-487D-A963-9AD39D9979A5}.MobilityConceptBuild|Any CPU.ActiveCfg = Release|Any CPU
		{785AB166-FD30-487D-A963-9AD39D9979A5}.MobilityConceptBuild|Any CPU.Build.0 = Release|Any CPU
		{785AB166-FD30-487D-A963-9AD39D9979A5}.MobilityConceptBuild|x64.ActiveCfg = Release|Any CPU
		{785AB166-FD30-487D-A963-9AD39D9979A5}.MobilityConceptBuild|x64.Build.0 = Release|Any CPU
		{785AB166-FD30-487D-A963-9AD39D9979A5}.MobilityConceptBuild|x86.ActiveCfg = Release|Any CPU
		{785AB166-FD30-487D-A963-9AD39D9979A5}.MobilityConceptBuild|x86.Build.0 = Release|Any CPU
		{785AB166-FD30-487D-A963-9AD39D9979A5}.Release|Any CPU.ActiveCfg = Release|Any CPU
		{785AB166-FD30-487D-A963-9AD39D9979A5}.Release|Any CPU.Build.0 = Release|Any CPU
		{785AB166-FD30-487D-A963-9AD39D9979A5}.Release|x64.ActiveCfg = Release|Any CPU
		{785AB166-FD30-487D-A963-9AD39D9979A5}.Release|x64.Build.0 = Release|Any CPU
		{785AB166-FD30-487D-A963-9AD39D9979A5}.Release|x86.ActiveCfg = Release|Any CPU
		{785AB166-FD30-487D-A963-9AD39D9979A5}.Release|x86.Build.0 = Release|Any CPU
		{FABE3103-3B06-420F-84C7-62B148F60AE9}.Debug|Any CPU.ActiveCfg = Debug|Any CPU
		{FABE3103-3B06-420F-84C7-62B148F60AE9}.Debug|Any CPU.Build.0 = Debug|Any CPU
		{FABE3103-3B06-420F-84C7-62B148F60AE9}.Debug|x64.ActiveCfg = Debug|Any CPU
		{FABE3103-3B06-420F-84C7-62B148F60AE9}.Debug|x64.Build.0 = Debug|Any CPU
		{FABE3103-3B06-420F-84C7-62B148F60AE9}.Debug|x86.ActiveCfg = Debug|Any CPU
		{FABE3103-3B06-420F-84C7-62B148F60AE9}.Debug|x86.Build.0 = Debug|Any CPU
		{FABE3103-3B06-420F-84C7-62B148F60AE9}.MobilityConceptBuild|Any CPU.ActiveCfg = Release|Any CPU
		{FABE3103-3B06-420F-84C7-62B148F60AE9}.MobilityConceptBuild|Any CPU.Build.0 = Release|Any CPU
		{FABE3103-3B06-420F-84C7-62B148F60AE9}.MobilityConceptBuild|x64.ActiveCfg = Release|Any CPU
		{FABE3103-3B06-420F-84C7-62B148F60AE9}.MobilityConceptBuild|x64.Build.0 = Release|Any CPU
		{FABE3103-3B06-420F-84C7-62B148F60AE9}.MobilityConceptBuild|x86.ActiveCfg = Release|Any CPU
		{FABE3103-3B06-420F-84C7-62B148F60AE9}.MobilityConceptBuild|x86.Build.0 = Release|Any CPU
		{FABE3103-3B06-420F-84C7-62B148F60AE9}.Release|Any CPU.ActiveCfg = Release|Any CPU
		{FABE3103-3B06-420F-84C7-62B148F60AE9}.Release|Any CPU.Build.0 = Release|Any CPU
		{FABE3103-3B06-420F-84C7-62B148F60AE9}.Release|x64.ActiveCfg = Release|Any CPU
		{FABE3103-3B06-420F-84C7-62B148F60AE9}.Release|x64.Build.0 = Release|Any CPU
		{FABE3103-3B06-420F-84C7-62B148F60AE9}.Release|x86.ActiveCfg = Release|Any CPU
		{FABE3103-3B06-420F-84C7-62B148F60AE9}.Release|x86.Build.0 = Release|Any CPU
		{9B022299-19FD-4708-BA20-5C38ED9E630C}.Debug|Any CPU.ActiveCfg = Debug|Any CPU
		{9B022299-19FD-4708-BA20-5C38ED9E630C}.Debug|x64.ActiveCfg = Debug|Any CPU
		{9B022299-19FD-4708-BA20-5C38ED9E630C}.Debug|x64.Build.0 = Debug|Any CPU
		{9B022299-19FD-4708-BA20-5C38ED9E630C}.Debug|x86.ActiveCfg = Debug|Any CPU
		{9B022299-19FD-4708-BA20-5C38ED9E630C}.Debug|x86.Build.0 = Debug|Any CPU
		{9B022299-19FD-4708-BA20-5C38ED9E630C}.MobilityConceptBuild|Any CPU.ActiveCfg = Release|Any CPU
		{9B022299-19FD-4708-BA20-5C38ED9E630C}.MobilityConceptBuild|x64.ActiveCfg = Release|Any CPU
		{9B022299-19FD-4708-BA20-5C38ED9E630C}.MobilityConceptBuild|x64.Build.0 = Release|Any CPU
		{9B022299-19FD-4708-BA20-5C38ED9E630C}.MobilityConceptBuild|x86.ActiveCfg = Release|Any CPU
		{9B022299-19FD-4708-BA20-5C38ED9E630C}.MobilityConceptBuild|x86.Build.0 = Release|Any CPU
		{9B022299-19FD-4708-BA20-5C38ED9E630C}.Release|Any CPU.ActiveCfg = Release|Any CPU
		{9B022299-19FD-4708-BA20-5C38ED9E630C}.Release|x64.ActiveCfg = Release|Any CPU
		{9B022299-19FD-4708-BA20-5C38ED9E630C}.Release|x64.Build.0 = Release|Any CPU
		{9B022299-19FD-4708-BA20-5C38ED9E630C}.Release|x86.ActiveCfg = Release|Any CPU
		{9B022299-19FD-4708-BA20-5C38ED9E630C}.Release|x86.Build.0 = Release|Any CPU
		{3AC97279-03D7-4F9A-9C9D-A6A16F7930D7}.Debug|Any CPU.ActiveCfg = Debug|Any CPU
		{3AC97279-03D7-4F9A-9C9D-A6A16F7930D7}.Debug|x64.ActiveCfg = Debug|Any CPU
		{3AC97279-03D7-4F9A-9C9D-A6A16F7930D7}.Debug|x64.Build.0 = Debug|Any CPU
		{3AC97279-03D7-4F9A-9C9D-A6A16F7930D7}.Debug|x86.ActiveCfg = Debug|Any CPU
		{3AC97279-03D7-4F9A-9C9D-A6A16F7930D7}.Debug|x86.Build.0 = Debug|Any CPU
		{3AC97279-03D7-4F9A-9C9D-A6A16F7930D7}.MobilityConceptBuild|Any CPU.ActiveCfg = Release|Any CPU
		{3AC97279-03D7-4F9A-9C9D-A6A16F7930D7}.MobilityConceptBuild|x64.ActiveCfg = Release|Any CPU
		{3AC97279-03D7-4F9A-9C9D-A6A16F7930D7}.MobilityConceptBuild|x64.Build.0 = Release|Any CPU
		{3AC97279-03D7-4F9A-9C9D-A6A16F7930D7}.MobilityConceptBuild|x86.ActiveCfg = Release|Any CPU
		{3AC97279-03D7-4F9A-9C9D-A6A16F7930D7}.MobilityConceptBuild|x86.Build.0 = Release|Any CPU
		{3AC97279-03D7-4F9A-9C9D-A6A16F7930D7}.Release|Any CPU.ActiveCfg = Release|Any CPU
		{3AC97279-03D7-4F9A-9C9D-A6A16F7930D7}.Release|x64.ActiveCfg = Release|Any CPU
		{3AC97279-03D7-4F9A-9C9D-A6A16F7930D7}.Release|x64.Build.0 = Release|Any CPU
		{3AC97279-03D7-4F9A-9C9D-A6A16F7930D7}.Release|x86.ActiveCfg = Release|Any CPU
		{3AC97279-03D7-4F9A-9C9D-A6A16F7930D7}.Release|x86.Build.0 = Release|Any CPU
	EndGlobalSection
	GlobalSection(SolutionProperties) = preSolution
		HideSolutionNode = FALSE
	EndGlobalSection
	GlobalSection(NestedProjects) = preSolution
		{AA2D68EC-A910-4260-A0A3-036755F1DEFB} = {EB5871DA-77DD-492D-A53A-F9D580CA570A}
		{E579FF61-CAAB-4DA3-8F05-CF21197DF5D4} = {EB5871DA-77DD-492D-A53A-F9D580CA570A}
		{1C00CCD6-A19C-4B9E-A203-F053CE0871FF} = {EB5871DA-77DD-492D-A53A-F9D580CA570A}
		{7B85DEF1-07A1-4EA8-A5FC-269FAD82DD38} = {FC2583DF-47F5-40C5-8F32-3CBD38F9C177}
		{9985222B-9BB5-4B68-9342-764C295D7FA9} = {218E3895-CB1A-45BD-BE89-E611952455A0}
		{C22CE76F-B9BB-441C-982E-5859E7EF531B} = {218E3895-CB1A-45BD-BE89-E611952455A0}
		{3F7B0B08-3953-4B33-A223-FAF5497634F1} = {EB5871DA-77DD-492D-A53A-F9D580CA570A}
		{09A69359-7AD0-47B0-B6F5-AB6A2A1ED1B8} = {218E3895-CB1A-45BD-BE89-E611952455A0}
		{8EDF4429-251A-416D-BB68-93F227191BCF} = {FC2583DF-47F5-40C5-8F32-3CBD38F9C177}
		{10B01908-1866-4AC0-A143-308E1FA854FC} = {218E3895-CB1A-45BD-BE89-E611952455A0}
		{C5F80730-F44F-4478-BDAE-6634EFC2CA88} = {008A064E-709E-4973-B1B3-BF3BBB12B6F8}
		{089E96B5-5072-4E98-A0F9-D6785E820866} = {008A064E-709E-4973-B1B3-BF3BBB12B6F8}
		{F2BEBACC-B1A4-4710-BA71-811432687B50} = {218E3895-CB1A-45BD-BE89-E611952455A0}
		{BA183B57-B10F-43F8-B6C7-5B362F1666AC} = {218E3895-CB1A-45BD-BE89-E611952455A0}
		{E0C9704E-0907-4AFC-98C8-33BA52998EA7} = {EB5871DA-77DD-492D-A53A-F9D580CA570A}
		{71F95403-3CB8-4956-B0E6-7993A735FFE1} = {BA4E36C6-2742-47E0-B464-4B9D7C747F57}
		{99689BC3-301B-4FC7-9D5F-2AD2BEEB0FD6} = {922F7FF6-CC4D-4D61-AFDA-0CF787425707}
		{32312AFA-2E15-40E1-ADE2-E4D5D43BF45A} = {922F7FF6-CC4D-4D61-AFDA-0CF787425707}
		{571DB13E-7F1F-467C-9B31-FE6C8781DA9C} = {A7ACBAA9-B450-4F1B-83BD-DA10D868AB6C}
		{539878DA-37E9-48F4-B48F-1BFA8F2E7B0C} = {BA4E36C6-2742-47E0-B464-4B9D7C747F57}
		{2F53CAED-AB0C-4229-8533-E938E05E10DB} = {A7ACBAA9-B450-4F1B-83BD-DA10D868AB6C}
		{595A38E2-A036-4406-9BE5-9BB20DDF341B} = {922F7FF6-CC4D-4D61-AFDA-0CF787425707}
		{C9CA6046-C7EE-4194-821B-9570A6299734} = {922F7FF6-CC4D-4D61-AFDA-0CF787425707}
		{5FDF6D44-72E8-4214-9FF5-BB32418CAD38} = {8C5AD309-7DDC-49DB-91BA-66D8614D5D47}
		{E4D70A56-7EC2-4B4D-B346-79BE319B69C6} = {8C5AD309-7DDC-49DB-91BA-66D8614D5D47}
		{CAAD25FE-1FB3-4B50-9D6F-DD1681E1BEA1} = {EB5871DA-77DD-492D-A53A-F9D580CA570A}
		{EB170822-418B-47F9-8B8A-B456516295C1} = {EB5871DA-77DD-492D-A53A-F9D580CA570A}
		{785AB166-FD30-487D-A963-9AD39D9979A5} = {EB5871DA-77DD-492D-A53A-F9D580CA570A}
		{FABE3103-3B06-420F-84C7-62B148F60AE9} = {EB5871DA-77DD-492D-A53A-F9D580CA570A}
		{9B022299-19FD-4708-BA20-5C38ED9E630C} = {23775EC2-27B7-49DB-89B5-43C9677FA603}
		{3AC97279-03D7-4F9A-9C9D-A6A16F7930D7} = {23775EC2-27B7-49DB-89B5-43C9677FA603}
		{A7ACBAA9-B450-4F1B-83BD-DA10D868AB6C} = {595A38E2-A036-4406-9BE5-9BB20DDF341B}
		{BA4E36C6-2742-47E0-B464-4B9D7C747F57} = {595A38E2-A036-4406-9BE5-9BB20DDF341B}
		{23775EC2-27B7-49DB-89B5-43C9677FA603} = {595A38E2-A036-4406-9BE5-9BB20DDF341B}
	EndGlobalSection
	GlobalSection(ExtensibilityGlobals) = postSolution
		RESX_ExcelExportMode = MultipleSheets
		SolutionGuid = {F78FE821-D5B8-4B44-9431-0B75AA03A224}
	EndGlobalSection
EndGlobal
