<?xml version="1.0" encoding="utf-8"?>
<Project ToolsVersion="4.0" xmlns="http://schemas.microsoft.com/developer/msbuild/2003">
  <ItemGroup>
    <Filter Include="Source Files">
      <UniqueIdentifier>{4FC737F1-C7A5-4376-A066-2A32D752A2FF}</UniqueIdentifier>
      <Extensions>cpp;c;cc;cxx;def;odl;idl;hpj;bat;asm;asmx</Extensions>
    </Filter>
    <Filter Include="Header Files">
      <UniqueIdentifier>{93995380-89BD-4b04-88EB-625FBE52EBFB}</UniqueIdentifier>
      <Extensions>h;hh;hpp;hxx;hm;inl;inc;xsd</Extensions>
    </Filter>
    <Filter Include="Resource Files">
      <UniqueIdentifier>{67DA6AB6-F800-4c08-8B7A-83BB121AAD01}</UniqueIdentifier>
      <Extensions>rc;ico;cur;bmp;dlg;rc2;rct;bin;rgs;gif;jpg;jpeg;jpe;resx;tiff;tif;png;wav;mfcribbon-ms</Extensions>
    </Filter>
  </ItemGroup>
  <ItemGroup>
    <None Include="Firmware.ino" />
  </ItemGroup>
  <ItemGroup>
    <ClInclude Include="Settings.h">
      <Filter>Header Files</Filter>
    </ClInclude>
    <ClInclude Include="State.h">
      <Filter>Header Files</Filter>
    </ClInclude>
    <ClInclude Include="Message.h">
      <Filter>Header Files</Filter>
    </ClInclude>
    <ClInclude Include="Action.h">
      <Filter>Header Files</Filter>
    </ClInclude>
    <ClInclude Include="SendStatusAction.h">
      <Filter>Header Files</Filter>
    </ClInclude>
    <ClInclude Include="MoveServoAction.h">
      <Filter>Header Files</Filter>
    </ClInclude>
    <ClInclude Include="InvalidAction.h">
      <Filter>Header Files</Filter>
    </ClInclude>
    <ClInclude Include="ResetAction.h">
      <Filter>Header Files</Filter>
    </ClInclude>
    <ClInclude Include="Response.h">
      <Filter>Header Files</Filter>
    </ClInclude>
    <ClInclude Include="EnableLogAction.h">
      <Filter>Header Files</Filter>
    </ClInclude>
    <ClInclude Include="LoggerService.h">
      <Filter>Header Files</Filter>
    </ClInclude>
    <ClInclude Include="VersionInfo.h">
      <Filter>Header Files</Filter>
    </ClInclude>
    <ClInclude Include="ConfigureChecksumAction.h">
      <Filter>Header Files</Filter>
    </ClInclude>
    <ClInclude Include="ConfigureResponseAction.h">
      <Filter>Header Files</Filter>
    </ClInclude>
    <ClInclude Include="GetSettingAction.h">
      <Filter>Header Files</Filter>
    </ClInclude>
    <ClInclude Include="NoAction.h">
      <Filter>Header Files</Filter>
    </ClInclude>
    <ClInclude Include="ActionService.h">
      <Filter>Header Files</Filter>
    </ClInclude>
    <ClInclude Include="MessageProcessor.h">
      <Filter>Header Files</Filter>
    </ClInclude>
    <ClInclude Include="__vm\.Firmware.vsarduino.h">
      <Filter>Header Files</Filter>
    </ClInclude>
    <ClInclude Include="TimerService.h">
      <Filter>Header Files</Filter>
    </ClInclude>
    <ClInclude Include="ToggleSwitchAction.h">
      <Filter>Header Files</Filter>
    </ClInclude>
    <ClInclude Include="SettingActionBase.h">
      <Filter>Header Files</Filter>
    </ClInclude>
    <ClInclude Include="SetSettingAction.h">
      <Filter>Header Files</Filter>
    </ClInclude>
  </ItemGroup>
  <ItemGroup>
    <ClCompile Include="Settings.cpp">
      <Filter>Source Files</Filter>
    </ClCompile>
    <ClCompile Include="State.cpp">
      <Filter>Source Files</Filter>
    </ClCompile>
    <ClCompile Include="Message.cpp">
      <Filter>Source Files</Filter>
    </ClCompile>
    <ClCompile Include="SendStatusAction.cpp">
      <Filter>Source Files</Filter>
    </ClCompile>
    <ClCompile Include="MoveServoAction.cpp">
      <Filter>Source Files</Filter>
    </ClCompile>
    <ClCompile Include="InvalidAction.cpp">
      <Filter>Source Files</Filter>
    </ClCompile>
    <ClCompile Include="ResetAction.cpp">
      <Filter>Source Files</Filter>
    </ClCompile>
    <ClCompile Include="Response.cpp">
      <Filter>Source Files</Filter>
    </ClCompile>
    <ClCompile Include="EnableLogAction.cpp">
      <Filter>Source Files</Filter>
    </ClCompile>
    <ClCompile Include="LoggerService.cpp">
      <Filter>Source Files</Filter>
    </ClCompile>
    <ClCompile Include="VersionInfo.cpp">
      <Filter>Source Files</Filter>
    </ClCompile>
    <ClCompile Include="ConfigureChecksumAction.cpp">
      <Filter>Source Files</Filter>
    </ClCompile>
    <ClCompile Include="ConfigureResponseAction.cpp">
      <Filter>Source Files</Filter>
    </ClCompile>
    <ClCompile Include="GetSettingAction.cpp">
      <Filter>Source Files</Filter>
    </ClCompile>
    <ClCompile Include="NoAction.cpp">
      <Filter>Source Files</Filter>
    </ClCompile>
    <ClCompile Include="ActionService.cpp">
      <Filter>Source Files</Filter>
    </ClCompile>
    <ClCompile Include="MessageProcessor.cpp">
      <Filter>Source Files</Filter>
    </ClCompile>
    <ClCompile Include="TimerService.cpp">
      <Filter>Source Files</Filter>
    </ClCompile>
    <ClCompile Include="ToggleSwitchAction.cpp">
      <Filter>Source Files</Filter>
    </ClCompile>
    <ClCompile Include="SettingActionBase.cpp">
      <Filter>Source Files</Filter>
    </ClCompile>
    <ClCompile Include="SetSettingAction.cpp">
      <Filter>Source Files</Filter>
    </ClCompile>
  </ItemGroup>
</Project>